// !$*UTF8*$!
{
	archiveVersion = 1;
	classes = {
	};
	objectVersion = 46;
	objects = {

/* Begin PBXBuildFile section */
		1AC6FB21180E996B004C840B /* libcocos2d Mac.a in Frameworks */ = {isa = PBXBuildFile; fileRef = 1AC6FAF9180E9839004C840B /* libcocos2d Mac.a */; };
		1AC6FB30180E99EB004C840B /* libcocos2d iOS.a in Frameworks */ = {isa = PBXBuildFile; fileRef = 1AC6FB07180E9839004C840B /* libcocos2d iOS.a */; };
		1D60589F0D05DD5A006BFB54 /* Foundation.framework in Frameworks */ = {isa = PBXBuildFile; fileRef = 1D30AB110D05D00D00671497 /* Foundation.framework */; };
		1DF5F4E00D08C38300B7A737 /* UIKit.framework in Frameworks */ = {isa = PBXBuildFile; fileRef = 1DF5F4DF0D08C38300B7A737 /* UIKit.framework */; };
		288765A50DF7441C002DB57D /* CoreGraphics.framework in Frameworks */ = {isa = PBXBuildFile; fileRef = 288765A40DF7441C002DB57D /* CoreGraphics.framework */; };
		3EACC98F19EE6D4300EB3C5E /* res in Resources */ = {isa = PBXBuildFile; fileRef = 3EACC98E19EE6D4300EB3C5E /* res */; };
		3EACC99019EE6D4300EB3C5E /* res in Resources */ = {isa = PBXBuildFile; fileRef = 3EACC98E19EE6D4300EB3C5E /* res */; };
		46880B7B19C43A67006E1F66 /* CloseNormal.png in Resources */ = {isa = PBXBuildFile; fileRef = 46880B7619C43A67006E1F66 /* CloseNormal.png */; };
		46880B7C19C43A67006E1F66 /* CloseNormal.png in Resources */ = {isa = PBXBuildFile; fileRef = 46880B7619C43A67006E1F66 /* CloseNormal.png */; };
		46880B7D19C43A67006E1F66 /* CloseSelected.png in Resources */ = {isa = PBXBuildFile; fileRef = 46880B7719C43A67006E1F66 /* CloseSelected.png */; };
		46880B7E19C43A67006E1F66 /* CloseSelected.png in Resources */ = {isa = PBXBuildFile; fileRef = 46880B7719C43A67006E1F66 /* CloseSelected.png */; };
		46880B8119C43A67006E1F66 /* HelloWorld.png in Resources */ = {isa = PBXBuildFile; fileRef = 46880B7A19C43A67006E1F66 /* HelloWorld.png */; };
		46880B8219C43A67006E1F66 /* HelloWorld.png in Resources */ = {isa = PBXBuildFile; fileRef = 46880B7A19C43A67006E1F66 /* HelloWorld.png */; };
		46880B8819C43A87006E1F66 /* AppDelegate.cpp in Sources */ = {isa = PBXBuildFile; fileRef = 46880B8419C43A87006E1F66 /* AppDelegate.cpp */; };
		46880B8919C43A87006E1F66 /* AppDelegate.cpp in Sources */ = {isa = PBXBuildFile; fileRef = 46880B8419C43A87006E1F66 /* AppDelegate.cpp */; };
		503AE0F817EB97AB00D1A890 /* Icon.icns in Resources */ = {isa = PBXBuildFile; fileRef = 503AE0F617EB97AB00D1A890 /* Icon.icns */; };
		503AE10017EB989F00D1A890 /* AppController.mm in Sources */ = {isa = PBXBuildFile; fileRef = 503AE0FB17EB989F00D1A890 /* AppController.mm */; };
		503AE10117EB989F00D1A890 /* main.m in Sources */ = {isa = PBXBuildFile; fileRef = 503AE0FC17EB989F00D1A890 /* main.m */; };
		503AE10217EB989F00D1A890 /* RootViewController.mm in Sources */ = {isa = PBXBuildFile; fileRef = 503AE0FF17EB989F00D1A890 /* RootViewController.mm */; };
		503AE10517EB98FF00D1A890 /* main.cpp in Sources */ = {isa = PBXBuildFile; fileRef = 503AE10317EB98FF00D1A890 /* main.cpp */; };
		503AE11B17EB9C5A00D1A890 /* IOKit.framework in Frameworks */ = {isa = PBXBuildFile; fileRef = 503AE11A17EB9C5A00D1A890 /* IOKit.framework */; };
		5087E76317EB910900C73F5D /* Foundation.framework in Frameworks */ = {isa = PBXBuildFile; fileRef = 1D30AB110D05D00D00671497 /* Foundation.framework */; };
		5087E76717EB910900C73F5D /* libz.dylib in Frameworks */ = {isa = PBXBuildFile; fileRef = BF170DB412928DE900B8313A /* libz.dylib */; };
		5087E76817EB910900C73F5D /* QuartzCore.framework in Frameworks */ = {isa = PBXBuildFile; fileRef = BF1C47EA1293683800B63C5D /* QuartzCore.framework */; };
		5087E76917EB910900C73F5D /* OpenAL.framework in Frameworks */ = {isa = PBXBuildFile; fileRef = D44C620B132DFF330009C878 /* OpenAL.framework */; };
		5087E76A17EB910900C73F5D /* AVFoundation.framework in Frameworks */ = {isa = PBXBuildFile; fileRef = D44C620D132DFF430009C878 /* AVFoundation.framework */; };
		5087E76B17EB910900C73F5D /* AudioToolbox.framework in Frameworks */ = {isa = PBXBuildFile; fileRef = D44C620F132DFF4E0009C878 /* AudioToolbox.framework */; };
		5087E77D17EB970100C73F5D /* Default-568h@2x.png in Resources */ = {isa = PBXBuildFile; fileRef = 5087E77217EB970100C73F5D /* Default-568h@2x.png */; };
		5087E77E17EB970100C73F5D /* Default.png in Resources */ = {isa = PBXBuildFile; fileRef = 5087E77317EB970100C73F5D /* Default.png */; };
		5087E77F17EB970100C73F5D /* Default@2x.png in Resources */ = {isa = PBXBuildFile; fileRef = 5087E77417EB970100C73F5D /* Default@2x.png */; };
		5087E78017EB970100C73F5D /* Icon-114.png in Resources */ = {isa = PBXBuildFile; fileRef = 5087E77517EB970100C73F5D /* Icon-114.png */; };
		5087E78117EB970100C73F5D /* Icon-120.png in Resources */ = {isa = PBXBuildFile; fileRef = 5087E77617EB970100C73F5D /* Icon-120.png */; };
		5087E78217EB970100C73F5D /* Icon-144.png in Resources */ = {isa = PBXBuildFile; fileRef = 5087E77717EB970100C73F5D /* Icon-144.png */; };
		5087E78317EB970100C73F5D /* Icon-152.png in Resources */ = {isa = PBXBuildFile; fileRef = 5087E77817EB970100C73F5D /* Icon-152.png */; };
		5087E78417EB970100C73F5D /* Icon-57.png in Resources */ = {isa = PBXBuildFile; fileRef = 5087E77917EB970100C73F5D /* Icon-57.png */; };
		5087E78517EB970100C73F5D /* Icon-72.png in Resources */ = {isa = PBXBuildFile; fileRef = 5087E77A17EB970100C73F5D /* Icon-72.png */; };
		5087E78617EB970100C73F5D /* Icon-76.png in Resources */ = {isa = PBXBuildFile; fileRef = 5087E77B17EB970100C73F5D /* Icon-76.png */; };
		5087E78917EB974C00C73F5D /* AppKit.framework in Frameworks */ = {isa = PBXBuildFile; fileRef = 5087E78817EB974C00C73F5D /* AppKit.framework */; };
		5087E78B17EB975400C73F5D /* OpenGL.framework in Frameworks */ = {isa = PBXBuildFile; fileRef = 5087E78A17EB975400C73F5D /* OpenGL.framework */; };
		50EF629617ECD46A001EB2F8 /* Icon-40.png in Resources */ = {isa = PBXBuildFile; fileRef = 50EF629217ECD46A001EB2F8 /* Icon-40.png */; };
		50EF629717ECD46A001EB2F8 /* Icon-58.png in Resources */ = {isa = PBXBuildFile; fileRef = 50EF629317ECD46A001EB2F8 /* Icon-58.png */; };
		50EF629817ECD46A001EB2F8 /* Icon-80.png in Resources */ = {isa = PBXBuildFile; fileRef = 50EF629417ECD46A001EB2F8 /* Icon-80.png */; };
		50EF629917ECD46A001EB2F8 /* Icon-100.png in Resources */ = {isa = PBXBuildFile; fileRef = 50EF629517ECD46A001EB2F8 /* Icon-100.png */; };
		50EF62A217ECD613001EB2F8 /* Icon-29.png in Resources */ = {isa = PBXBuildFile; fileRef = 50EF62A017ECD613001EB2F8 /* Icon-29.png */; };
		50EF62A317ECD613001EB2F8 /* Icon-50.png in Resources */ = {isa = PBXBuildFile; fileRef = 50EF62A117ECD613001EB2F8 /* Icon-50.png */; };
		521A8E6419F0C34300D177D7 /* Default-667h@2x.png in Resources */ = {isa = PBXBuildFile; fileRef = 521A8E6219F0C34300D177D7 /* Default-667h@2x.png */; };
		521A8E6519F0C34300D177D7 /* Default-736h@3x.png in Resources */ = {isa = PBXBuildFile; fileRef = 521A8E6319F0C34300D177D7 /* Default-736h@3x.png */; };
		521A8EA919F11F5000D177D7 /* fonts in Resources */ = {isa = PBXBuildFile; fileRef = 521A8EA819F11F5000D177D7 /* fonts */; };
		521A8EAA19F11F5000D177D7 /* fonts in Resources */ = {isa = PBXBuildFile; fileRef = 521A8EA819F11F5000D177D7 /* fonts */; };
		52B47A471A53D09C004E4C60 /* Security.framework in Frameworks */ = {isa = PBXBuildFile; fileRef = 52B47A461A53D09B004E4C60 /* Security.framework */; };
		BF171245129291EC00B8313A /* OpenGLES.framework in Frameworks */ = {isa = PBXBuildFile; fileRef = BF170DB012928DE900B8313A /* OpenGLES.framework */; };
		BF1712471292920000B8313A /* libz.dylib in Frameworks */ = {isa = PBXBuildFile; fileRef = BF170DB412928DE900B8313A /* libz.dylib */; };
		BF1C47F01293687400B63C5D /* QuartzCore.framework in Frameworks */ = {isa = PBXBuildFile; fileRef = BF1C47EA1293683800B63C5D /* QuartzCore.framework */; };
		D44C620C132DFF330009C878 /* OpenAL.framework in Frameworks */ = {isa = PBXBuildFile; fileRef = D44C620B132DFF330009C878 /* OpenAL.framework */; };
		D44C620E132DFF430009C878 /* AVFoundation.framework in Frameworks */ = {isa = PBXBuildFile; fileRef = D44C620D132DFF430009C878 /* AVFoundation.framework */; };
		D44C6210132DFF4E0009C878 /* AudioToolbox.framework in Frameworks */ = {isa = PBXBuildFile; fileRef = D44C620F132DFF4E0009C878 /* AudioToolbox.framework */; };
		D6B0611B1803AB670077942B /* CoreMotion.framework in Frameworks */ = {isa = PBXBuildFile; fileRef = D6B0611A1803AB670077942B /* CoreMotion.framework */; };
		FA06505E1BA7DACF00AF1D71 /* SkillLayer.cpp in Sources */ = {isa = PBXBuildFile; fileRef = FA0650591BA7DACF00AF1D71 /* SkillLayer.cpp */; };
		FA06505F1BA7DACF00AF1D71 /* SkillItem.cpp in Sources */ = {isa = PBXBuildFile; fileRef = FA06505C1BA7DACF00AF1D71 /* SkillItem.cpp */; };
		FA1D389E1BE9A597004DE7B1 /* Player.cpp in Sources */ = {isa = PBXBuildFile; fileRef = FA1D389C1BE9A597004DE7B1 /* Player.cpp */; settings = {ASSET_TAGS = (); }; };
		FA3E8CA81BE9141D0081B5DA /* Avatar.cpp in Sources */ = {isa = PBXBuildFile; fileRef = FA3E8CA61BE9141D0081B5DA /* Avatar.cpp */; settings = {ASSET_TAGS = (); }; };
		FA3E8CAB1BE9163E0081B5DA /* DataObject.cpp in Sources */ = {isa = PBXBuildFile; fileRef = FA3E8CA91BE9163E0081B5DA /* DataObject.cpp */; settings = {ASSET_TAGS = (); }; };
		FAB113E31BA7BB0600E4C1D3 /* AStar.cpp in Sources */ = {isa = PBXBuildFile; fileRef = FAB1132A1BA7BB0500E4C1D3 /* AStar.cpp */; };
		FAB113E41BA7BB0600E4C1D3 /* PointInTriangle.cpp in Sources */ = {isa = PBXBuildFile; fileRef = FAB1132C1BA7BB0500E4C1D3 /* PointInTriangle.cpp */; };
		FAB113E51BA7BB0600E4C1D3 /* Animator.cpp in Sources */ = {isa = PBXBuildFile; fileRef = FAB113301BA7BB0500E4C1D3 /* Animator.cpp */; };
		FAB113E61BA7BB0600E4C1D3 /* ArmatureBtn.cpp in Sources */ = {isa = PBXBuildFile; fileRef = FAB113331BA7BB0500E4C1D3 /* ArmatureBtn.cpp */; };
		FAB113E71BA7BB0600E4C1D3 /* Button.cpp in Sources */ = {isa = PBXBuildFile; fileRef = FAB113351BA7BB0500E4C1D3 /* Button.cpp */; };
		FAB113E81BA7BB0600E4C1D3 /* CEditBox.cpp in Sources */ = {isa = PBXBuildFile; fileRef = FAB113381BA7BB0500E4C1D3 /* CEditBox.cpp */; };
		FAB113E91BA7BB0600E4C1D3 /* CEditBoxImpl.cpp in Sources */ = {isa = PBXBuildFile; fileRef = FAB1133A1BA7BB0500E4C1D3 /* CEditBoxImpl.cpp */; };
		FAB113EA1BA7BB0600E4C1D3 /* CEditBoxImplAndroid.cpp in Sources */ = {isa = PBXBuildFile; fileRef = FAB1133C1BA7BB0500E4C1D3 /* CEditBoxImplAndroid.cpp */; };
		FAB113EB1BA7BB0600E4C1D3 /* CEditBoxImplIOS.mm in Sources */ = {isa = PBXBuildFile; fileRef = FAB1133F1BA7BB0500E4C1D3 /* CEditBoxImplIOS.mm */; };
		FAB113EC1BA7BB0600E4C1D3 /* CEditBoxImplNone.cpp in Sources */ = {isa = PBXBuildFile; fileRef = FAB113401BA7BB0500E4C1D3 /* CEditBoxImplNone.cpp */; };
		FAB113ED1BA7BB0600E4C1D3 /* Win32InputBox.cpp in Sources */ = {isa = PBXBuildFile; fileRef = FAB113411BA7BB0500E4C1D3 /* Win32InputBox.cpp */; };
		FAB113EE1BA7BB0600E4C1D3 /* CheckBox.cpp in Sources */ = {isa = PBXBuildFile; fileRef = FAB113431BA7BB0500E4C1D3 /* CheckBox.cpp */; };
		FAB113EF1BA7BB0600E4C1D3 /* CircleMenu.cpp in Sources */ = {isa = PBXBuildFile; fileRef = FAB113451BA7BB0500E4C1D3 /* CircleMenu.cpp */; };
		FAB113F01BA7BB0600E4C1D3 /* ColorView.cpp in Sources */ = {isa = PBXBuildFile; fileRef = FAB113481BA7BB0500E4C1D3 /* ColorView.cpp */; };
		FAB113F11BA7BB0600E4C1D3 /* ControlView.cpp in Sources */ = {isa = PBXBuildFile; fileRef = FAB1134A1BA7BB0500E4C1D3 /* ControlView.cpp */; };
		FAB113F21BA7BB0600E4C1D3 /* ExpandableListView.cpp in Sources */ = {isa = PBXBuildFile; fileRef = FAB1134D1BA7BB0500E4C1D3 /* ExpandableListView.cpp */; };
		FAB113F31BA7BB0600E4C1D3 /* GradientView.cpp in Sources */ = {isa = PBXBuildFile; fileRef = FAB1134F1BA7BB0500E4C1D3 /* GradientView.cpp */; };
		FAB113F41BA7BB0600E4C1D3 /* GridPageView.cpp in Sources */ = {isa = PBXBuildFile; fileRef = FAB113511BA7BB0500E4C1D3 /* GridPageView.cpp */; };
		FAB113F51BA7BB0600E4C1D3 /* GridView.cpp in Sources */ = {isa = PBXBuildFile; fileRef = FAB113531BA7BB0500E4C1D3 /* GridView.cpp */; };
		FAB113F61BA7BB0600E4C1D3 /* ImageView.cpp in Sources */ = {isa = PBXBuildFile; fileRef = FAB113551BA7BB0500E4C1D3 /* ImageView.cpp */; };
		FAB113F71BA7BB0600E4C1D3 /* ImageViewScale9.cpp in Sources */ = {isa = PBXBuildFile; fileRef = FAB113571BA7BB0500E4C1D3 /* ImageViewScale9.cpp */; };
		FAB113F81BA7BB0600E4C1D3 /* Label.cpp in Sources */ = {isa = PBXBuildFile; fileRef = FAB113591BA7BB0500E4C1D3 /* Label.cpp */; };
		FAB113F91BA7BB0600E4C1D3 /* LabelAtlas.cpp in Sources */ = {isa = PBXBuildFile; fileRef = FAB1135B1BA7BB0500E4C1D3 /* LabelAtlas.cpp */; };
		FAB113FA1BA7BB0600E4C1D3 /* LabelBMFont.cpp in Sources */ = {isa = PBXBuildFile; fileRef = FAB1135D1BA7BB0500E4C1D3 /* LabelBMFont.cpp */; };
		FAB113FB1BA7BB0600E4C1D3 /* Layout.cpp in Sources */ = {isa = PBXBuildFile; fileRef = FAB1135F1BA7BB0500E4C1D3 /* Layout.cpp */; };
		FAB113FC1BA7BB0600E4C1D3 /* ListView.cpp in Sources */ = {isa = PBXBuildFile; fileRef = FAB113611BA7BB0500E4C1D3 /* ListView.cpp */; };
		FAB113FD1BA7BB0600E4C1D3 /* NumericStepper.cpp in Sources */ = {isa = PBXBuildFile; fileRef = FAB113631BA7BB0500E4C1D3 /* NumericStepper.cpp */; };
		FAB113FE1BA7BB0600E4C1D3 /* PageView.cpp in Sources */ = {isa = PBXBuildFile; fileRef = FAB113651BA7BB0500E4C1D3 /* PageView.cpp */; };
		FAB113FF1BA7BB0600E4C1D3 /* ProgressBar.cpp in Sources */ = {isa = PBXBuildFile; fileRef = FAB113671BA7BB0500E4C1D3 /* ProgressBar.cpp */; };
		FAB114001BA7BB0600E4C1D3 /* Scale9Sprite.cpp in Sources */ = {isa = PBXBuildFile; fileRef = FAB113691BA7BB0500E4C1D3 /* Scale9Sprite.cpp */; };
		FAB114011BA7BB0600E4C1D3 /* ScrollView.cpp in Sources */ = {isa = PBXBuildFile; fileRef = FAB1136B1BA7BB0500E4C1D3 /* ScrollView.cpp */; };
		FAB114021BA7BB0600E4C1D3 /* Slider.cpp in Sources */ = {isa = PBXBuildFile; fileRef = FAB1136D1BA7BB0500E4C1D3 /* Slider.cpp */; };
		FAB114031BA7BB0600E4C1D3 /* TableView.cpp in Sources */ = {isa = PBXBuildFile; fileRef = FAB1136F1BA7BB0500E4C1D3 /* TableView.cpp */; };
		FAB114041BA7BB0600E4C1D3 /* TextRich.cpp in Sources */ = {isa = PBXBuildFile; fileRef = FAB113711BA7BB0500E4C1D3 /* TextRich.cpp */; };
		FAB114051BA7BB0600E4C1D3 /* ToggleView.cpp in Sources */ = {isa = PBXBuildFile; fileRef = FAB113731BA7BB0500E4C1D3 /* ToggleView.cpp */; };
		FAB114061BA7BB0600E4C1D3 /* Widget.cpp in Sources */ = {isa = PBXBuildFile; fileRef = FAB113751BA7BB0500E4C1D3 /* Widget.cpp */; };
		FAB114071BA7BB0600E4C1D3 /* WidgetProtocol.cpp in Sources */ = {isa = PBXBuildFile; fileRef = FAB113781BA7BB0500E4C1D3 /* WidgetProtocol.cpp */; };
		FAB114081BA7BB0600E4C1D3 /* WidgetWindow.cpp in Sources */ = {isa = PBXBuildFile; fileRef = FAB1137A1BA7BB0500E4C1D3 /* WidgetWindow.cpp */; };
		FAB114091BA7BB0600E4C1D3 /* WitlsMacros.cpp in Sources */ = {isa = PBXBuildFile; fileRef = FAB1137C1BA7BB0500E4C1D3 /* WitlsMacros.cpp */; };
		FAB1140A1BA7BB0600E4C1D3 /* DCDraw.cpp in Sources */ = {isa = PBXBuildFile; fileRef = FAB1137E1BA7BB0500E4C1D3 /* DCDraw.cpp */; };
		FAB1140B1BA7BB0600E4C1D3 /* Particles.cpp in Sources */ = {isa = PBXBuildFile; fileRef = FAB113801BA7BB0500E4C1D3 /* Particles.cpp */; };
		FAB1142D1BA7BB0600E4C1D3 /* LoadingScene.cpp in Sources */ = {isa = PBXBuildFile; fileRef = FAB113CC1BA7BB0600E4C1D3 /* LoadingScene.cpp */; };
		FAB1142E1BA7BB0600E4C1D3 /* MainGameScene.cpp in Sources */ = {isa = PBXBuildFile; fileRef = FAB113CE1BA7BB0600E4C1D3 /* MainGameScene.cpp */; };
		FAB1142F1BA7BB0600E4C1D3 /* SceneDisplay.cpp in Sources */ = {isa = PBXBuildFile; fileRef = FAB113D01BA7BB0600E4C1D3 /* SceneDisplay.cpp */; };
		FAB114301BA7BB0600E4C1D3 /* SplashScene.cpp in Sources */ = {isa = PBXBuildFile; fileRef = FAB113D21BA7BB0600E4C1D3 /* SplashScene.cpp */; };
		FAB114311BA7BB0600E4C1D3 /* StartGameScene.cpp in Sources */ = {isa = PBXBuildFile; fileRef = FAB113D41BA7BB0600E4C1D3 /* StartGameScene.cpp */; };
		FAB114321BA7BB0600E4C1D3 /* ConvertUtils.cpp in Sources */ = {isa = PBXBuildFile; fileRef = FAB113D91BA7BB0600E4C1D3 /* ConvertUtils.cpp */; };
		FAB114341BA7BB0600E4C1D3 /* GameSingleton.cpp in Sources */ = {isa = PBXBuildFile; fileRef = FAB113DD1BA7BB0600E4C1D3 /* GameSingleton.cpp */; };
		FAB114361BA7BB0600E4C1D3 /* VisibleRect.cpp in Sources */ = {isa = PBXBuildFile; fileRef = FAB113E11BA7BB0600E4C1D3 /* VisibleRect.cpp */; };
		FAB8DAFE1BA7C40D00D8668A /* FacebookSDK.framework in Frameworks */ = {isa = PBXBuildFile; fileRef = FAB8DAFC1BA7C40D00D8668A /* FacebookSDK.framework */; };
		FAB8DB021BA7D06000D8668A /* TileMap.cpp in Sources */ = {isa = PBXBuildFile; fileRef = FAB8DB001BA7D06000D8668A /* TileMap.cpp */; };
		FAB8DB051BA7D0A800D8668A /* LayerDisplay.cpp in Sources */ = {isa = PBXBuildFile; fileRef = FAB8DB031BA7D0A800D8668A /* LayerDisplay.cpp */; };
/* End PBXBuildFile section */

/* Begin PBXContainerItemProxy section */
		1AC6FAF8180E9839004C840B /* PBXContainerItemProxy */ = {
			isa = PBXContainerItemProxy;
			containerPortal = 1AC6FAE5180E9839004C840B /* cocos2d_libs.xcodeproj */;
			proxyType = 2;
			remoteGlobalIDString = 1551A33F158F2AB200E66CFE;
			remoteInfo = "cocos2dx Mac";
		};
		1AC6FB06180E9839004C840B /* PBXContainerItemProxy */ = {
			isa = PBXContainerItemProxy;
			containerPortal = 1AC6FAE5180E9839004C840B /* cocos2d_libs.xcodeproj */;
			proxyType = 2;
			remoteGlobalIDString = A07A4D641783777C0073F6A7;
			remoteInfo = "cocos2dx iOS";
		};
		1AC6FB15180E9959004C840B /* PBXContainerItemProxy */ = {
			isa = PBXContainerItemProxy;
			containerPortal = 1AC6FAE5180E9839004C840B /* cocos2d_libs.xcodeproj */;
			proxyType = 1;
			remoteGlobalIDString = 1551A33E158F2AB200E66CFE;
			remoteInfo = "cocos2dx Mac";
		};
		1AC6FB24180E99E1004C840B /* PBXContainerItemProxy */ = {
			isa = PBXContainerItemProxy;
			containerPortal = 1AC6FAE5180E9839004C840B /* cocos2d_libs.xcodeproj */;
			proxyType = 1;
			remoteGlobalIDString = A07A4C241783777C0073F6A7;
			remoteInfo = "cocos2dx iOS";
		};
/* End PBXContainerItemProxy section */

/* Begin PBXFileReference section */
		1AC6FAE5180E9839004C840B /* cocos2d_libs.xcodeproj */ = {isa = PBXFileReference; lastKnownFileType = "wrapper.pb-project"; name = cocos2d_libs.xcodeproj; path = ../cocos2d/build/cocos2d_libs.xcodeproj; sourceTree = "<group>"; };
		1ACB3243164770DE00914215 /* libcurl.a */ = {isa = PBXFileReference; lastKnownFileType = archive.ar; name = libcurl.a; path = ../../cocos2dx/platform/third_party/ios/libraries/libcurl.a; sourceTree = "<group>"; };
		1D30AB110D05D00D00671497 /* Foundation.framework */ = {isa = PBXFileReference; lastKnownFileType = wrapper.framework; name = Foundation.framework; path = System/Library/Frameworks/Foundation.framework; sourceTree = SDKROOT; };
		1D6058910D05DD3D006BFB54 /* game1 iOS.app */ = {isa = PBXFileReference; explicitFileType = wrapper.application; includeInIndex = 0; path = "game1 iOS.app"; sourceTree = BUILT_PRODUCTS_DIR; };
		1DF5F4DF0D08C38300B7A737 /* UIKit.framework */ = {isa = PBXFileReference; lastKnownFileType = wrapper.framework; name = UIKit.framework; path = System/Library/Frameworks/UIKit.framework; sourceTree = SDKROOT; };
		288765A40DF7441C002DB57D /* CoreGraphics.framework */ = {isa = PBXFileReference; lastKnownFileType = wrapper.framework; name = CoreGraphics.framework; path = System/Library/Frameworks/CoreGraphics.framework; sourceTree = SDKROOT; };
		3EACC98E19EE6D4300EB3C5E /* res */ = {isa = PBXFileReference; lastKnownFileType = folder; path = res; sourceTree = "<group>"; };
		46880B7619C43A67006E1F66 /* CloseNormal.png */ = {isa = PBXFileReference; lastKnownFileType = image.png; path = CloseNormal.png; sourceTree = "<group>"; };
		46880B7719C43A67006E1F66 /* CloseSelected.png */ = {isa = PBXFileReference; lastKnownFileType = image.png; path = CloseSelected.png; sourceTree = "<group>"; };
		46880B7A19C43A67006E1F66 /* HelloWorld.png */ = {isa = PBXFileReference; lastKnownFileType = image.png; path = HelloWorld.png; sourceTree = "<group>"; };
		46880B8419C43A87006E1F66 /* AppDelegate.cpp */ = {isa = PBXFileReference; fileEncoding = 4; lastKnownFileType = sourcecode.cpp.cpp; path = AppDelegate.cpp; sourceTree = "<group>"; };
		46880B8519C43A87006E1F66 /* AppDelegate.h */ = {isa = PBXFileReference; fileEncoding = 4; lastKnownFileType = sourcecode.c.h; path = AppDelegate.h; sourceTree = "<group>"; };
		503AE0F617EB97AB00D1A890 /* Icon.icns */ = {isa = PBXFileReference; lastKnownFileType = image.icns; path = Icon.icns; sourceTree = "<group>"; };
		503AE0F717EB97AB00D1A890 /* Info.plist */ = {isa = PBXFileReference; fileEncoding = 4; lastKnownFileType = text.plist.xml; path = Info.plist; sourceTree = "<group>"; };
		503AE0FA17EB989F00D1A890 /* AppController.h */ = {isa = PBXFileReference; fileEncoding = 4; lastKnownFileType = sourcecode.c.h; name = AppController.h; path = ios/AppController.h; sourceTree = SOURCE_ROOT; };
		503AE0FB17EB989F00D1A890 /* AppController.mm */ = {isa = PBXFileReference; fileEncoding = 4; lastKnownFileType = sourcecode.cpp.objcpp; name = AppController.mm; path = ios/AppController.mm; sourceTree = SOURCE_ROOT; };
		503AE0FC17EB989F00D1A890 /* main.m */ = {isa = PBXFileReference; fileEncoding = 4; lastKnownFileType = sourcecode.c.objc; name = main.m; path = ios/main.m; sourceTree = SOURCE_ROOT; };
		503AE0FD17EB989F00D1A890 /* Prefix.pch */ = {isa = PBXFileReference; fileEncoding = 4; lastKnownFileType = sourcecode.c.h; name = Prefix.pch; path = ios/Prefix.pch; sourceTree = SOURCE_ROOT; };
		503AE0FE17EB989F00D1A890 /* RootViewController.h */ = {isa = PBXFileReference; fileEncoding = 4; lastKnownFileType = sourcecode.c.h; name = RootViewController.h; path = ios/RootViewController.h; sourceTree = SOURCE_ROOT; };
		503AE0FF17EB989F00D1A890 /* RootViewController.mm */ = {isa = PBXFileReference; fileEncoding = 4; lastKnownFileType = sourcecode.cpp.objcpp; name = RootViewController.mm; path = ios/RootViewController.mm; sourceTree = SOURCE_ROOT; };
		503AE10317EB98FF00D1A890 /* main.cpp */ = {isa = PBXFileReference; fileEncoding = 4; lastKnownFileType = sourcecode.cpp.cpp; name = main.cpp; path = mac/main.cpp; sourceTree = "<group>"; };
		503AE10417EB98FF00D1A890 /* Prefix.pch */ = {isa = PBXFileReference; fileEncoding = 4; lastKnownFileType = sourcecode.c.h; name = Prefix.pch; path = mac/Prefix.pch; sourceTree = "<group>"; };
		503AE11117EB99EE00D1A890 /* libcurl.dylib */ = {isa = PBXFileReference; lastKnownFileType = "compiled.mach-o.dylib"; name = libcurl.dylib; path = usr/lib/libcurl.dylib; sourceTree = SDKROOT; };
		503AE11A17EB9C5A00D1A890 /* IOKit.framework */ = {isa = PBXFileReference; lastKnownFileType = wrapper.framework; name = IOKit.framework; path = System/Library/Frameworks/IOKit.framework; sourceTree = SDKROOT; };
		5087E76F17EB910900C73F5D /* game1 Mac.app */ = {isa = PBXFileReference; explicitFileType = wrapper.application; includeInIndex = 0; path = "game1 Mac.app"; sourceTree = BUILT_PRODUCTS_DIR; };
		5087E77217EB970100C73F5D /* Default-568h@2x.png */ = {isa = PBXFileReference; lastKnownFileType = image.png; path = "Default-568h@2x.png"; sourceTree = "<group>"; };
		5087E77317EB970100C73F5D /* Default.png */ = {isa = PBXFileReference; lastKnownFileType = image.png; path = Default.png; sourceTree = "<group>"; };
		5087E77417EB970100C73F5D /* Default@2x.png */ = {isa = PBXFileReference; lastKnownFileType = image.png; path = "Default@2x.png"; sourceTree = "<group>"; };
		5087E77517EB970100C73F5D /* Icon-114.png */ = {isa = PBXFileReference; lastKnownFileType = image.png; path = "Icon-114.png"; sourceTree = "<group>"; };
		5087E77617EB970100C73F5D /* Icon-120.png */ = {isa = PBXFileReference; lastKnownFileType = image.png; path = "Icon-120.png"; sourceTree = "<group>"; };
		5087E77717EB970100C73F5D /* Icon-144.png */ = {isa = PBXFileReference; lastKnownFileType = image.png; path = "Icon-144.png"; sourceTree = "<group>"; };
		5087E77817EB970100C73F5D /* Icon-152.png */ = {isa = PBXFileReference; lastKnownFileType = image.png; path = "Icon-152.png"; sourceTree = "<group>"; };
		5087E77917EB970100C73F5D /* Icon-57.png */ = {isa = PBXFileReference; lastKnownFileType = image.png; path = "Icon-57.png"; sourceTree = "<group>"; };
		5087E77A17EB970100C73F5D /* Icon-72.png */ = {isa = PBXFileReference; lastKnownFileType = image.png; path = "Icon-72.png"; sourceTree = "<group>"; };
		5087E77B17EB970100C73F5D /* Icon-76.png */ = {isa = PBXFileReference; lastKnownFileType = image.png; path = "Icon-76.png"; sourceTree = "<group>"; };
		5087E77C17EB970100C73F5D /* Info.plist */ = {isa = PBXFileReference; fileEncoding = 4; lastKnownFileType = text.plist.xml; path = Info.plist; sourceTree = "<group>"; };
		5087E78817EB974C00C73F5D /* AppKit.framework */ = {isa = PBXFileReference; lastKnownFileType = wrapper.framework; name = AppKit.framework; path = System/Library/Frameworks/AppKit.framework; sourceTree = SDKROOT; };
		5087E78A17EB975400C73F5D /* OpenGL.framework */ = {isa = PBXFileReference; lastKnownFileType = wrapper.framework; name = OpenGL.framework; path = System/Library/Frameworks/OpenGL.framework; sourceTree = SDKROOT; };
		50EF629217ECD46A001EB2F8 /* Icon-40.png */ = {isa = PBXFileReference; lastKnownFileType = image.png; path = "Icon-40.png"; sourceTree = "<group>"; };
		50EF629317ECD46A001EB2F8 /* Icon-58.png */ = {isa = PBXFileReference; lastKnownFileType = image.png; path = "Icon-58.png"; sourceTree = "<group>"; };
		50EF629417ECD46A001EB2F8 /* Icon-80.png */ = {isa = PBXFileReference; lastKnownFileType = image.png; path = "Icon-80.png"; sourceTree = "<group>"; };
		50EF629517ECD46A001EB2F8 /* Icon-100.png */ = {isa = PBXFileReference; lastKnownFileType = image.png; path = "Icon-100.png"; sourceTree = "<group>"; };
		50EF62A017ECD613001EB2F8 /* Icon-29.png */ = {isa = PBXFileReference; lastKnownFileType = image.png; path = "Icon-29.png"; sourceTree = "<group>"; };
		50EF62A117ECD613001EB2F8 /* Icon-50.png */ = {isa = PBXFileReference; lastKnownFileType = image.png; path = "Icon-50.png"; sourceTree = "<group>"; };
		521A8E6219F0C34300D177D7 /* Default-667h@2x.png */ = {isa = PBXFileReference; lastKnownFileType = image.png; path = "Default-667h@2x.png"; sourceTree = "<group>"; };
		521A8E6319F0C34300D177D7 /* Default-736h@3x.png */ = {isa = PBXFileReference; lastKnownFileType = image.png; path = "Default-736h@3x.png"; sourceTree = "<group>"; };
		521A8EA819F11F5000D177D7 /* fonts */ = {isa = PBXFileReference; lastKnownFileType = folder; path = fonts; sourceTree = "<group>"; };
		52B47A461A53D09B004E4C60 /* Security.framework */ = {isa = PBXFileReference; lastKnownFileType = wrapper.framework; name = Security.framework; path = Platforms/iPhoneOS.platform/Developer/SDKs/iPhoneOS8.1.sdk/System/Library/Frameworks/Security.framework; sourceTree = DEVELOPER_DIR; };
		BF170DB012928DE900B8313A /* OpenGLES.framework */ = {isa = PBXFileReference; lastKnownFileType = wrapper.framework; name = OpenGLES.framework; path = System/Library/Frameworks/OpenGLES.framework; sourceTree = SDKROOT; };
		BF170DB412928DE900B8313A /* libz.dylib */ = {isa = PBXFileReference; lastKnownFileType = "compiled.mach-o.dylib"; name = libz.dylib; path = usr/lib/libz.dylib; sourceTree = SDKROOT; };
		BF1C47EA1293683800B63C5D /* QuartzCore.framework */ = {isa = PBXFileReference; lastKnownFileType = wrapper.framework; name = QuartzCore.framework; path = System/Library/Frameworks/QuartzCore.framework; sourceTree = SDKROOT; };
		D44C620B132DFF330009C878 /* OpenAL.framework */ = {isa = PBXFileReference; lastKnownFileType = wrapper.framework; name = OpenAL.framework; path = System/Library/Frameworks/OpenAL.framework; sourceTree = SDKROOT; };
		D44C620D132DFF430009C878 /* AVFoundation.framework */ = {isa = PBXFileReference; lastKnownFileType = wrapper.framework; name = AVFoundation.framework; path = System/Library/Frameworks/AVFoundation.framework; sourceTree = SDKROOT; };
		D44C620F132DFF4E0009C878 /* AudioToolbox.framework */ = {isa = PBXFileReference; lastKnownFileType = wrapper.framework; name = AudioToolbox.framework; path = System/Library/Frameworks/AudioToolbox.framework; sourceTree = SDKROOT; };
		D6B0611A1803AB670077942B /* CoreMotion.framework */ = {isa = PBXFileReference; lastKnownFileType = wrapper.framework; name = CoreMotion.framework; path = Platforms/iPhoneOS.platform/Developer/SDKs/iPhoneOS7.0.sdk/System/Library/Frameworks/CoreMotion.framework; sourceTree = DEVELOPER_DIR; };
		FA0650591BA7DACF00AF1D71 /* SkillLayer.cpp */ = {isa = PBXFileReference; fileEncoding = 4; lastKnownFileType = sourcecode.cpp.cpp; path = SkillLayer.cpp; sourceTree = "<group>"; };
		FA06505A1BA7DACF00AF1D71 /* SkillLayer.h */ = {isa = PBXFileReference; fileEncoding = 4; lastKnownFileType = sourcecode.c.h; path = SkillLayer.h; sourceTree = "<group>"; };
		FA06505C1BA7DACF00AF1D71 /* SkillItem.cpp */ = {isa = PBXFileReference; fileEncoding = 4; lastKnownFileType = sourcecode.cpp.cpp; path = SkillItem.cpp; sourceTree = "<group>"; };
		FA06505D1BA7DACF00AF1D71 /* SkillItem.h */ = {isa = PBXFileReference; fileEncoding = 4; lastKnownFileType = sourcecode.c.h; path = SkillItem.h; sourceTree = "<group>"; };
		FA1D389C1BE9A597004DE7B1 /* Player.cpp */ = {isa = PBXFileReference; fileEncoding = 4; lastKnownFileType = sourcecode.cpp.cpp; path = Player.cpp; sourceTree = "<group>"; };
		FA1D389D1BE9A597004DE7B1 /* Player.hpp */ = {isa = PBXFileReference; fileEncoding = 4; lastKnownFileType = sourcecode.cpp.h; path = Player.hpp; sourceTree = "<group>"; };
		FA3E8CA61BE9141D0081B5DA /* Avatar.cpp */ = {isa = PBXFileReference; fileEncoding = 4; lastKnownFileType = sourcecode.cpp.cpp; path = Avatar.cpp; sourceTree = "<group>"; };
		FA3E8CA71BE9141D0081B5DA /* Avatar.hpp */ = {isa = PBXFileReference; fileEncoding = 4; lastKnownFileType = sourcecode.cpp.h; path = Avatar.hpp; sourceTree = "<group>"; };
		FA3E8CA91BE9163E0081B5DA /* DataObject.cpp */ = {isa = PBXFileReference; fileEncoding = 4; lastKnownFileType = sourcecode.cpp.cpp; path = DataObject.cpp; sourceTree = "<group>"; };
		FA3E8CAA1BE9163E0081B5DA /* DataObject.hpp */ = {isa = PBXFileReference; fileEncoding = 4; lastKnownFileType = sourcecode.cpp.h; path = DataObject.hpp; sourceTree = "<group>"; };
		FA3E8CAC1BE916B60081B5DA /* AvatarConfig.h */ = {isa = PBXFileReference; lastKnownFileType = sourcecode.c.h; path = AvatarConfig.h; sourceTree = "<group>"; };
		FAB1132A1BA7BB0500E4C1D3 /* AStar.cpp */ = {isa = PBXFileReference; fileEncoding = 4; lastKnownFileType = sourcecode.cpp.cpp; path = AStar.cpp; sourceTree = "<group>"; };
		FAB1132B1BA7BB0500E4C1D3 /* AStar.h */ = {isa = PBXFileReference; fileEncoding = 4; lastKnownFileType = sourcecode.c.h; path = AStar.h; sourceTree = "<group>"; };
		FAB1132C1BA7BB0500E4C1D3 /* PointInTriangle.cpp */ = {isa = PBXFileReference; fileEncoding = 4; lastKnownFileType = sourcecode.cpp.cpp; path = PointInTriangle.cpp; sourceTree = "<group>"; };
		FAB1132D1BA7BB0500E4C1D3 /* PointInTriangle.h */ = {isa = PBXFileReference; fileEncoding = 4; lastKnownFileType = sourcecode.c.h; path = PointInTriangle.h; sourceTree = "<group>"; };
		FAB113301BA7BB0500E4C1D3 /* Animator.cpp */ = {isa = PBXFileReference; fileEncoding = 4; lastKnownFileType = sourcecode.cpp.cpp; path = Animator.cpp; sourceTree = "<group>"; };
		FAB113311BA7BB0500E4C1D3 /* Animator.h */ = {isa = PBXFileReference; fileEncoding = 4; lastKnownFileType = sourcecode.c.h; path = Animator.h; sourceTree = "<group>"; };
		FAB113331BA7BB0500E4C1D3 /* ArmatureBtn.cpp */ = {isa = PBXFileReference; fileEncoding = 4; lastKnownFileType = sourcecode.cpp.cpp; path = ArmatureBtn.cpp; sourceTree = "<group>"; };
		FAB113341BA7BB0500E4C1D3 /* ArmatureBtn.h */ = {isa = PBXFileReference; fileEncoding = 4; lastKnownFileType = sourcecode.c.h; path = ArmatureBtn.h; sourceTree = "<group>"; };
		FAB113351BA7BB0500E4C1D3 /* Button.cpp */ = {isa = PBXFileReference; fileEncoding = 4; lastKnownFileType = sourcecode.cpp.cpp; path = Button.cpp; sourceTree = "<group>"; };
		FAB113361BA7BB0500E4C1D3 /* Button.h */ = {isa = PBXFileReference; fileEncoding = 4; lastKnownFileType = sourcecode.c.h; path = Button.h; sourceTree = "<group>"; };
		FAB113381BA7BB0500E4C1D3 /* CEditBox.cpp */ = {isa = PBXFileReference; fileEncoding = 4; lastKnownFileType = sourcecode.cpp.cpp; path = CEditBox.cpp; sourceTree = "<group>"; };
		FAB113391BA7BB0500E4C1D3 /* CEditBox.h */ = {isa = PBXFileReference; fileEncoding = 4; lastKnownFileType = sourcecode.c.h; path = CEditBox.h; sourceTree = "<group>"; };
		FAB1133A1BA7BB0500E4C1D3 /* CEditBoxImpl.cpp */ = {isa = PBXFileReference; fileEncoding = 4; lastKnownFileType = sourcecode.cpp.cpp; path = CEditBoxImpl.cpp; sourceTree = "<group>"; };
		FAB1133B1BA7BB0500E4C1D3 /* CEditBoxImpl.h */ = {isa = PBXFileReference; fileEncoding = 4; lastKnownFileType = sourcecode.c.h; path = CEditBoxImpl.h; sourceTree = "<group>"; };
		FAB1133C1BA7BB0500E4C1D3 /* CEditBoxImplAndroid.cpp */ = {isa = PBXFileReference; fileEncoding = 4; lastKnownFileType = sourcecode.cpp.cpp; path = CEditBoxImplAndroid.cpp; sourceTree = "<group>"; };
		FAB1133D1BA7BB0500E4C1D3 /* CEditBoxImplAndroid.h */ = {isa = PBXFileReference; fileEncoding = 4; lastKnownFileType = sourcecode.c.h; path = CEditBoxImplAndroid.h; sourceTree = "<group>"; };
		FAB1133E1BA7BB0500E4C1D3 /* CEditBoxImplIOS.h */ = {isa = PBXFileReference; fileEncoding = 4; lastKnownFileType = sourcecode.c.h; path = CEditBoxImplIOS.h; sourceTree = "<group>"; };
		FAB1133F1BA7BB0500E4C1D3 /* CEditBoxImplIOS.mm */ = {isa = PBXFileReference; fileEncoding = 4; lastKnownFileType = sourcecode.cpp.objcpp; path = CEditBoxImplIOS.mm; sourceTree = "<group>"; };
		FAB113401BA7BB0500E4C1D3 /* CEditBoxImplNone.cpp */ = {isa = PBXFileReference; fileEncoding = 4; lastKnownFileType = sourcecode.cpp.cpp; path = CEditBoxImplNone.cpp; sourceTree = "<group>"; };
		FAB113411BA7BB0500E4C1D3 /* Win32InputBox.cpp */ = {isa = PBXFileReference; fileEncoding = 4; lastKnownFileType = sourcecode.cpp.cpp; path = Win32InputBox.cpp; sourceTree = "<group>"; };
		FAB113421BA7BB0500E4C1D3 /* Win32InputBox.h */ = {isa = PBXFileReference; fileEncoding = 4; lastKnownFileType = sourcecode.c.h; path = Win32InputBox.h; sourceTree = "<group>"; };
		FAB113431BA7BB0500E4C1D3 /* CheckBox.cpp */ = {isa = PBXFileReference; fileEncoding = 4; lastKnownFileType = sourcecode.cpp.cpp; path = CheckBox.cpp; sourceTree = "<group>"; };
		FAB113441BA7BB0500E4C1D3 /* CheckBox.h */ = {isa = PBXFileReference; fileEncoding = 4; lastKnownFileType = sourcecode.c.h; path = CheckBox.h; sourceTree = "<group>"; };
		FAB113451BA7BB0500E4C1D3 /* CircleMenu.cpp */ = {isa = PBXFileReference; fileEncoding = 4; lastKnownFileType = sourcecode.cpp.cpp; path = CircleMenu.cpp; sourceTree = "<group>"; };
		FAB113461BA7BB0500E4C1D3 /* CircleMenu.h */ = {isa = PBXFileReference; fileEncoding = 4; lastKnownFileType = sourcecode.c.h; path = CircleMenu.h; sourceTree = "<group>"; };
		FAB113471BA7BB0500E4C1D3 /* cocos-widget.h */ = {isa = PBXFileReference; fileEncoding = 4; lastKnownFileType = sourcecode.c.h; path = "cocos-widget.h"; sourceTree = "<group>"; };
		FAB113481BA7BB0500E4C1D3 /* ColorView.cpp */ = {isa = PBXFileReference; fileEncoding = 4; lastKnownFileType = sourcecode.cpp.cpp; path = ColorView.cpp; sourceTree = "<group>"; };
		FAB113491BA7BB0500E4C1D3 /* ColorView.h */ = {isa = PBXFileReference; fileEncoding = 4; lastKnownFileType = sourcecode.c.h; path = ColorView.h; sourceTree = "<group>"; };
		FAB1134A1BA7BB0500E4C1D3 /* ControlView.cpp */ = {isa = PBXFileReference; fileEncoding = 4; lastKnownFileType = sourcecode.cpp.cpp; path = ControlView.cpp; sourceTree = "<group>"; };
		FAB1134B1BA7BB0500E4C1D3 /* ControlView.h */ = {isa = PBXFileReference; fileEncoding = 4; lastKnownFileType = sourcecode.c.h; path = ControlView.h; sourceTree = "<group>"; };
		FAB1134C1BA7BB0500E4C1D3 /* Ease.h */ = {isa = PBXFileReference; fileEncoding = 4; lastKnownFileType = sourcecode.c.h; path = Ease.h; sourceTree = "<group>"; };
		FAB1134D1BA7BB0500E4C1D3 /* ExpandableListView.cpp */ = {isa = PBXFileReference; fileEncoding = 4; lastKnownFileType = sourcecode.cpp.cpp; path = ExpandableListView.cpp; sourceTree = "<group>"; };
		FAB1134E1BA7BB0500E4C1D3 /* ExpandableListView.h */ = {isa = PBXFileReference; fileEncoding = 4; lastKnownFileType = sourcecode.c.h; path = ExpandableListView.h; sourceTree = "<group>"; };
		FAB1134F1BA7BB0500E4C1D3 /* GradientView.cpp */ = {isa = PBXFileReference; fileEncoding = 4; lastKnownFileType = sourcecode.cpp.cpp; path = GradientView.cpp; sourceTree = "<group>"; };
		FAB113501BA7BB0500E4C1D3 /* GradientView.h */ = {isa = PBXFileReference; fileEncoding = 4; lastKnownFileType = sourcecode.c.h; path = GradientView.h; sourceTree = "<group>"; };
		FAB113511BA7BB0500E4C1D3 /* GridPageView.cpp */ = {isa = PBXFileReference; fileEncoding = 4; lastKnownFileType = sourcecode.cpp.cpp; path = GridPageView.cpp; sourceTree = "<group>"; };
		FAB113521BA7BB0500E4C1D3 /* GridPageView.h */ = {isa = PBXFileReference; fileEncoding = 4; lastKnownFileType = sourcecode.c.h; path = GridPageView.h; sourceTree = "<group>"; };
		FAB113531BA7BB0500E4C1D3 /* GridView.cpp */ = {isa = PBXFileReference; fileEncoding = 4; lastKnownFileType = sourcecode.cpp.cpp; path = GridView.cpp; sourceTree = "<group>"; };
		FAB113541BA7BB0500E4C1D3 /* GridView.h */ = {isa = PBXFileReference; fileEncoding = 4; lastKnownFileType = sourcecode.c.h; path = GridView.h; sourceTree = "<group>"; };
		FAB113551BA7BB0500E4C1D3 /* ImageView.cpp */ = {isa = PBXFileReference; fileEncoding = 4; lastKnownFileType = sourcecode.cpp.cpp; path = ImageView.cpp; sourceTree = "<group>"; };
		FAB113561BA7BB0500E4C1D3 /* ImageView.h */ = {isa = PBXFileReference; fileEncoding = 4; lastKnownFileType = sourcecode.c.h; path = ImageView.h; sourceTree = "<group>"; };
		FAB113571BA7BB0500E4C1D3 /* ImageViewScale9.cpp */ = {isa = PBXFileReference; fileEncoding = 4; lastKnownFileType = sourcecode.cpp.cpp; path = ImageViewScale9.cpp; sourceTree = "<group>"; };
		FAB113581BA7BB0500E4C1D3 /* ImageViewScale9.h */ = {isa = PBXFileReference; fileEncoding = 4; lastKnownFileType = sourcecode.c.h; path = ImageViewScale9.h; sourceTree = "<group>"; };
		FAB113591BA7BB0500E4C1D3 /* Label.cpp */ = {isa = PBXFileReference; fileEncoding = 4; lastKnownFileType = sourcecode.cpp.cpp; path = Label.cpp; sourceTree = "<group>"; };
		FAB1135A1BA7BB0500E4C1D3 /* Label.h */ = {isa = PBXFileReference; fileEncoding = 4; lastKnownFileType = sourcecode.c.h; path = Label.h; sourceTree = "<group>"; };
		FAB1135B1BA7BB0500E4C1D3 /* LabelAtlas.cpp */ = {isa = PBXFileReference; fileEncoding = 4; lastKnownFileType = sourcecode.cpp.cpp; path = LabelAtlas.cpp; sourceTree = "<group>"; };
		FAB1135C1BA7BB0500E4C1D3 /* LabelAtlas.h */ = {isa = PBXFileReference; fileEncoding = 4; lastKnownFileType = sourcecode.c.h; path = LabelAtlas.h; sourceTree = "<group>"; };
		FAB1135D1BA7BB0500E4C1D3 /* LabelBMFont.cpp */ = {isa = PBXFileReference; fileEncoding = 4; lastKnownFileType = sourcecode.cpp.cpp; path = LabelBMFont.cpp; sourceTree = "<group>"; };
		FAB1135E1BA7BB0500E4C1D3 /* LabelBMFont.h */ = {isa = PBXFileReference; fileEncoding = 4; lastKnownFileType = sourcecode.c.h; path = LabelBMFont.h; sourceTree = "<group>"; };
		FAB1135F1BA7BB0500E4C1D3 /* Layout.cpp */ = {isa = PBXFileReference; fileEncoding = 4; lastKnownFileType = sourcecode.cpp.cpp; path = Layout.cpp; sourceTree = "<group>"; };
		FAB113601BA7BB0500E4C1D3 /* Layout.h */ = {isa = PBXFileReference; fileEncoding = 4; lastKnownFileType = sourcecode.c.h; path = Layout.h; sourceTree = "<group>"; };
		FAB113611BA7BB0500E4C1D3 /* ListView.cpp */ = {isa = PBXFileReference; fileEncoding = 4; lastKnownFileType = sourcecode.cpp.cpp; path = ListView.cpp; sourceTree = "<group>"; };
		FAB113621BA7BB0500E4C1D3 /* ListView.h */ = {isa = PBXFileReference; fileEncoding = 4; lastKnownFileType = sourcecode.c.h; path = ListView.h; sourceTree = "<group>"; };
		FAB113631BA7BB0500E4C1D3 /* NumericStepper.cpp */ = {isa = PBXFileReference; fileEncoding = 4; lastKnownFileType = sourcecode.cpp.cpp; path = NumericStepper.cpp; sourceTree = "<group>"; };
		FAB113641BA7BB0500E4C1D3 /* NumericStepper.h */ = {isa = PBXFileReference; fileEncoding = 4; lastKnownFileType = sourcecode.c.h; path = NumericStepper.h; sourceTree = "<group>"; };
		FAB113651BA7BB0500E4C1D3 /* PageView.cpp */ = {isa = PBXFileReference; fileEncoding = 4; lastKnownFileType = sourcecode.cpp.cpp; path = PageView.cpp; sourceTree = "<group>"; };
		FAB113661BA7BB0500E4C1D3 /* PageView.h */ = {isa = PBXFileReference; fileEncoding = 4; lastKnownFileType = sourcecode.c.h; path = PageView.h; sourceTree = "<group>"; };
		FAB113671BA7BB0500E4C1D3 /* ProgressBar.cpp */ = {isa = PBXFileReference; fileEncoding = 4; lastKnownFileType = sourcecode.cpp.cpp; path = ProgressBar.cpp; sourceTree = "<group>"; };
		FAB113681BA7BB0500E4C1D3 /* ProgressBar.h */ = {isa = PBXFileReference; fileEncoding = 4; lastKnownFileType = sourcecode.c.h; path = ProgressBar.h; sourceTree = "<group>"; };
		FAB113691BA7BB0500E4C1D3 /* Scale9Sprite.cpp */ = {isa = PBXFileReference; fileEncoding = 4; lastKnownFileType = sourcecode.cpp.cpp; path = Scale9Sprite.cpp; sourceTree = "<group>"; };
		FAB1136A1BA7BB0500E4C1D3 /* Scale9Sprite.h */ = {isa = PBXFileReference; fileEncoding = 4; lastKnownFileType = sourcecode.c.h; path = Scale9Sprite.h; sourceTree = "<group>"; };
		FAB1136B1BA7BB0500E4C1D3 /* ScrollView.cpp */ = {isa = PBXFileReference; fileEncoding = 4; lastKnownFileType = sourcecode.cpp.cpp; path = ScrollView.cpp; sourceTree = "<group>"; };
		FAB1136C1BA7BB0500E4C1D3 /* ScrollView.h */ = {isa = PBXFileReference; fileEncoding = 4; lastKnownFileType = sourcecode.c.h; path = ScrollView.h; sourceTree = "<group>"; };
		FAB1136D1BA7BB0500E4C1D3 /* Slider.cpp */ = {isa = PBXFileReference; fileEncoding = 4; lastKnownFileType = sourcecode.cpp.cpp; path = Slider.cpp; sourceTree = "<group>"; };
		FAB1136E1BA7BB0500E4C1D3 /* Slider.h */ = {isa = PBXFileReference; fileEncoding = 4; lastKnownFileType = sourcecode.c.h; path = Slider.h; sourceTree = "<group>"; };
		FAB1136F1BA7BB0500E4C1D3 /* TableView.cpp */ = {isa = PBXFileReference; fileEncoding = 4; lastKnownFileType = sourcecode.cpp.cpp; path = TableView.cpp; sourceTree = "<group>"; };
		FAB113701BA7BB0500E4C1D3 /* TableView.h */ = {isa = PBXFileReference; fileEncoding = 4; lastKnownFileType = sourcecode.c.h; path = TableView.h; sourceTree = "<group>"; };
		FAB113711BA7BB0500E4C1D3 /* TextRich.cpp */ = {isa = PBXFileReference; fileEncoding = 4; lastKnownFileType = sourcecode.cpp.cpp; path = TextRich.cpp; sourceTree = "<group>"; };
		FAB113721BA7BB0500E4C1D3 /* TextRich.h */ = {isa = PBXFileReference; fileEncoding = 4; lastKnownFileType = sourcecode.c.h; path = TextRich.h; sourceTree = "<group>"; };
		FAB113731BA7BB0500E4C1D3 /* ToggleView.cpp */ = {isa = PBXFileReference; fileEncoding = 4; lastKnownFileType = sourcecode.cpp.cpp; path = ToggleView.cpp; sourceTree = "<group>"; };
		FAB113741BA7BB0500E4C1D3 /* ToggleView.h */ = {isa = PBXFileReference; fileEncoding = 4; lastKnownFileType = sourcecode.c.h; path = ToggleView.h; sourceTree = "<group>"; };
		FAB113751BA7BB0500E4C1D3 /* Widget.cpp */ = {isa = PBXFileReference; fileEncoding = 4; lastKnownFileType = sourcecode.cpp.cpp; path = Widget.cpp; sourceTree = "<group>"; };
		FAB113761BA7BB0500E4C1D3 /* Widget.h */ = {isa = PBXFileReference; fileEncoding = 4; lastKnownFileType = sourcecode.c.h; path = Widget.h; sourceTree = "<group>"; };
		FAB113771BA7BB0500E4C1D3 /* WidgetMacros.h */ = {isa = PBXFileReference; fileEncoding = 4; lastKnownFileType = sourcecode.c.h; path = WidgetMacros.h; sourceTree = "<group>"; };
		FAB113781BA7BB0500E4C1D3 /* WidgetProtocol.cpp */ = {isa = PBXFileReference; fileEncoding = 4; lastKnownFileType = sourcecode.cpp.cpp; path = WidgetProtocol.cpp; sourceTree = "<group>"; };
		FAB113791BA7BB0500E4C1D3 /* WidgetProtocol.h */ = {isa = PBXFileReference; fileEncoding = 4; lastKnownFileType = sourcecode.c.h; path = WidgetProtocol.h; sourceTree = "<group>"; };
		FAB1137A1BA7BB0500E4C1D3 /* WidgetWindow.cpp */ = {isa = PBXFileReference; fileEncoding = 4; lastKnownFileType = sourcecode.cpp.cpp; path = WidgetWindow.cpp; sourceTree = "<group>"; };
		FAB1137B1BA7BB0500E4C1D3 /* WidgetWindow.h */ = {isa = PBXFileReference; fileEncoding = 4; lastKnownFileType = sourcecode.c.h; path = WidgetWindow.h; sourceTree = "<group>"; };
		FAB1137C1BA7BB0500E4C1D3 /* WitlsMacros.cpp */ = {isa = PBXFileReference; fileEncoding = 4; lastKnownFileType = sourcecode.cpp.cpp; path = WitlsMacros.cpp; sourceTree = "<group>"; };
		FAB1137D1BA7BB0500E4C1D3 /* WitlsMacros.h */ = {isa = PBXFileReference; fileEncoding = 4; lastKnownFileType = sourcecode.c.h; path = WitlsMacros.h; sourceTree = "<group>"; };
		FAB1137E1BA7BB0500E4C1D3 /* DCDraw.cpp */ = {isa = PBXFileReference; fileEncoding = 4; lastKnownFileType = sourcecode.cpp.cpp; path = DCDraw.cpp; sourceTree = "<group>"; };
		FAB1137F1BA7BB0500E4C1D3 /* DCDraw.h */ = {isa = PBXFileReference; fileEncoding = 4; lastKnownFileType = sourcecode.c.h; path = DCDraw.h; sourceTree = "<group>"; };
		FAB113801BA7BB0500E4C1D3 /* Particles.cpp */ = {isa = PBXFileReference; fileEncoding = 4; lastKnownFileType = sourcecode.cpp.cpp; path = Particles.cpp; sourceTree = "<group>"; };
		FAB113811BA7BB0500E4C1D3 /* Particles.h */ = {isa = PBXFileReference; fileEncoding = 4; lastKnownFileType = sourcecode.c.h; path = Particles.h; sourceTree = "<group>"; };
		FAB113CC1BA7BB0600E4C1D3 /* LoadingScene.cpp */ = {isa = PBXFileReference; fileEncoding = 4; lastKnownFileType = sourcecode.cpp.cpp; path = LoadingScene.cpp; sourceTree = "<group>"; };
		FAB113CD1BA7BB0600E4C1D3 /* LoadingScene.h */ = {isa = PBXFileReference; fileEncoding = 4; lastKnownFileType = sourcecode.c.h; path = LoadingScene.h; sourceTree = "<group>"; };
		FAB113CE1BA7BB0600E4C1D3 /* MainGameScene.cpp */ = {isa = PBXFileReference; fileEncoding = 4; lastKnownFileType = sourcecode.cpp.cpp; path = MainGameScene.cpp; sourceTree = "<group>"; };
		FAB113CF1BA7BB0600E4C1D3 /* MainGameScene.h */ = {isa = PBXFileReference; fileEncoding = 4; lastKnownFileType = sourcecode.c.h; path = MainGameScene.h; sourceTree = "<group>"; };
		FAB113D01BA7BB0600E4C1D3 /* SceneDisplay.cpp */ = {isa = PBXFileReference; fileEncoding = 4; lastKnownFileType = sourcecode.cpp.cpp; path = SceneDisplay.cpp; sourceTree = "<group>"; };
		FAB113D11BA7BB0600E4C1D3 /* SceneDisplay.h */ = {isa = PBXFileReference; fileEncoding = 4; lastKnownFileType = sourcecode.c.h; path = SceneDisplay.h; sourceTree = "<group>"; };
		FAB113D21BA7BB0600E4C1D3 /* SplashScene.cpp */ = {isa = PBXFileReference; fileEncoding = 4; lastKnownFileType = sourcecode.cpp.cpp; path = SplashScene.cpp; sourceTree = "<group>"; };
		FAB113D31BA7BB0600E4C1D3 /* SplashScene.h */ = {isa = PBXFileReference; fileEncoding = 4; lastKnownFileType = sourcecode.c.h; path = SplashScene.h; sourceTree = "<group>"; };
		FAB113D41BA7BB0600E4C1D3 /* StartGameScene.cpp */ = {isa = PBXFileReference; fileEncoding = 4; lastKnownFileType = sourcecode.cpp.cpp; path = StartGameScene.cpp; sourceTree = "<group>"; };
		FAB113D51BA7BB0600E4C1D3 /* StartGameScene.h */ = {isa = PBXFileReference; fileEncoding = 4; lastKnownFileType = sourcecode.c.h; path = StartGameScene.h; sourceTree = "<group>"; };
		FAB113D71BA7BB0600E4C1D3 /* AppMacros.h */ = {isa = PBXFileReference; fileEncoding = 4; lastKnownFileType = sourcecode.c.h; path = AppMacros.h; sourceTree = "<group>"; };
		FAB113D81BA7BB0600E4C1D3 /* Constants.h */ = {isa = PBXFileReference; fileEncoding = 4; lastKnownFileType = sourcecode.c.h; path = Constants.h; sourceTree = "<group>"; };
		FAB113D91BA7BB0600E4C1D3 /* ConvertUtils.cpp */ = {isa = PBXFileReference; fileEncoding = 4; lastKnownFileType = sourcecode.cpp.cpp; path = ConvertUtils.cpp; sourceTree = "<group>"; };
		FAB113DA1BA7BB0600E4C1D3 /* ConvertUtils.h */ = {isa = PBXFileReference; fileEncoding = 4; lastKnownFileType = sourcecode.c.h; path = ConvertUtils.h; sourceTree = "<group>"; };
		FAB113DD1BA7BB0600E4C1D3 /* GameSingleton.cpp */ = {isa = PBXFileReference; fileEncoding = 4; lastKnownFileType = sourcecode.cpp.cpp; path = GameSingleton.cpp; sourceTree = "<group>"; };
		FAB113DE1BA7BB0600E4C1D3 /* GameSingleton.h */ = {isa = PBXFileReference; fileEncoding = 4; lastKnownFileType = sourcecode.c.h; path = GameSingleton.h; sourceTree = "<group>"; };
		FAB113E11BA7BB0600E4C1D3 /* VisibleRect.cpp */ = {isa = PBXFileReference; fileEncoding = 4; lastKnownFileType = sourcecode.cpp.cpp; path = VisibleRect.cpp; sourceTree = "<group>"; };
		FAB113E21BA7BB0600E4C1D3 /* VisibleRect.h */ = {isa = PBXFileReference; fileEncoding = 4; lastKnownFileType = sourcecode.c.h; path = VisibleRect.h; sourceTree = "<group>"; };
		FAB8DAFC1BA7C40D00D8668A /* FacebookSDK.framework */ = {isa = PBXFileReference; lastKnownFileType = wrapper.framework; name = FacebookSDK.framework; path = ios/FacebookSDK.framework; sourceTree = SOURCE_ROOT; };
		FAB8DB001BA7D06000D8668A /* TileMap.cpp */ = {isa = PBXFileReference; fileEncoding = 4; lastKnownFileType = sourcecode.cpp.cpp; path = TileMap.cpp; sourceTree = "<group>"; };
		FAB8DB011BA7D06000D8668A /* TileMap.h */ = {isa = PBXFileReference; fileEncoding = 4; lastKnownFileType = sourcecode.c.h; path = TileMap.h; sourceTree = "<group>"; };
		FAB8DB031BA7D0A800D8668A /* LayerDisplay.cpp */ = {isa = PBXFileReference; fileEncoding = 4; lastKnownFileType = sourcecode.cpp.cpp; path = LayerDisplay.cpp; sourceTree = "<group>"; };
		FAB8DB041BA7D0A800D8668A /* LayerDisplay.h */ = {isa = PBXFileReference; fileEncoding = 4; lastKnownFileType = sourcecode.c.h; path = LayerDisplay.h; sourceTree = "<group>"; };
/* End PBXFileReference section */

/* Begin PBXFrameworksBuildPhase section */
		1D60588F0D05DD3D006BFB54 /* Frameworks */ = {
			isa = PBXFrameworksBuildPhase;
			buildActionMask = 2147483647;
			files = (
				52B47A471A53D09C004E4C60 /* Security.framework in Frameworks */,
				1AC6FB30180E99EB004C840B /* libcocos2d iOS.a in Frameworks */,
				D6B0611B1803AB670077942B /* CoreMotion.framework in Frameworks */,
				1D60589F0D05DD5A006BFB54 /* Foundation.framework in Frameworks */,
				1DF5F4E00D08C38300B7A737 /* UIKit.framework in Frameworks */,
				288765A50DF7441C002DB57D /* CoreGraphics.framework in Frameworks */,
				BF171245129291EC00B8313A /* OpenGLES.framework in Frameworks */,
				BF1712471292920000B8313A /* libz.dylib in Frameworks */,
				FAB8DAFE1BA7C40D00D8668A /* FacebookSDK.framework in Frameworks */,
				BF1C47F01293687400B63C5D /* QuartzCore.framework in Frameworks */,
				D44C620C132DFF330009C878 /* OpenAL.framework in Frameworks */,
				D44C620E132DFF430009C878 /* AVFoundation.framework in Frameworks */,
				D44C6210132DFF4E0009C878 /* AudioToolbox.framework in Frameworks */,
			);
			runOnlyForDeploymentPostprocessing = 0;
		};
		5087E75C17EB910900C73F5D /* Frameworks */ = {
			isa = PBXFrameworksBuildPhase;
			buildActionMask = 2147483647;
			files = (
				1AC6FB21180E996B004C840B /* libcocos2d Mac.a in Frameworks */,
				5087E76717EB910900C73F5D /* libz.dylib in Frameworks */,
				503AE11B17EB9C5A00D1A890 /* IOKit.framework in Frameworks */,
				5087E78B17EB975400C73F5D /* OpenGL.framework in Frameworks */,
				5087E78917EB974C00C73F5D /* AppKit.framework in Frameworks */,
				5087E76317EB910900C73F5D /* Foundation.framework in Frameworks */,
				5087E76817EB910900C73F5D /* QuartzCore.framework in Frameworks */,
				5087E76917EB910900C73F5D /* OpenAL.framework in Frameworks */,
				5087E76A17EB910900C73F5D /* AVFoundation.framework in Frameworks */,
				5087E76B17EB910900C73F5D /* AudioToolbox.framework in Frameworks */,
			);
			runOnlyForDeploymentPostprocessing = 0;
		};
/* End PBXFrameworksBuildPhase section */

/* Begin PBXGroup section */
		080E96DDFE201D6D7F000001 /* ios */ = {
			isa = PBXGroup;
			children = (
				FAB8DAFC1BA7C40D00D8668A /* FacebookSDK.framework */,
				5087E77117EB970100C73F5D /* Icons */,
				503AE0FA17EB989F00D1A890 /* AppController.h */,
				503AE0FB17EB989F00D1A890 /* AppController.mm */,
				503AE0FC17EB989F00D1A890 /* main.m */,
				503AE0FD17EB989F00D1A890 /* Prefix.pch */,
				503AE0FE17EB989F00D1A890 /* RootViewController.h */,
				503AE0FF17EB989F00D1A890 /* RootViewController.mm */,
			);
			name = ios;
			path = Classes;
			sourceTree = "<group>";
		};
		19C28FACFE9D520D11CA2CBB /* Products */ = {
			isa = PBXGroup;
			children = (
				1D6058910D05DD3D006BFB54 /* game1 iOS.app */,
				5087E76F17EB910900C73F5D /* game1 Mac.app */,
			);
			name = Products;
			sourceTree = "<group>";
		};
		1AC6FAE6180E9839004C840B /* Products */ = {
			isa = PBXGroup;
			children = (
				1AC6FAF9180E9839004C840B /* libcocos2d Mac.a */,
				1AC6FB07180E9839004C840B /* libcocos2d iOS.a */,
			);
			name = Products;
			sourceTree = "<group>";
		};
		29B97314FDCFA39411CA2CEA /* CustomTemplate */ = {
			isa = PBXGroup;
			children = (
				46880B8319C43A87006E1F66 /* Classes */,
				46880B7519C43A67006E1F66 /* Resources */,
				1AC6FAE5180E9839004C840B /* cocos2d_libs.xcodeproj */,
				29B97323FDCFA39411CA2CEA /* Frameworks */,
				080E96DDFE201D6D7F000001 /* ios */,
				503AE10617EB990700D1A890 /* mac */,
				19C28FACFE9D520D11CA2CBB /* Products */,
			);
			name = CustomTemplate;
			sourceTree = "<group>";
		};
		29B97323FDCFA39411CA2CEA /* Frameworks */ = {
			isa = PBXGroup;
			children = (
				52B47A461A53D09B004E4C60 /* Security.framework */,
				D6B0611A1803AB670077942B /* CoreMotion.framework */,
				503AE11A17EB9C5A00D1A890 /* IOKit.framework */,
				503AE11117EB99EE00D1A890 /* libcurl.dylib */,
				5087E78A17EB975400C73F5D /* OpenGL.framework */,
				5087E78817EB974C00C73F5D /* AppKit.framework */,
				1ACB3243164770DE00914215 /* libcurl.a */,
				BF170DB412928DE900B8313A /* libz.dylib */,
				D44C620F132DFF4E0009C878 /* AudioToolbox.framework */,
				D44C620D132DFF430009C878 /* AVFoundation.framework */,
				288765A40DF7441C002DB57D /* CoreGraphics.framework */,
				1D30AB110D05D00D00671497 /* Foundation.framework */,
				D44C620B132DFF330009C878 /* OpenAL.framework */,
				BF170DB012928DE900B8313A /* OpenGLES.framework */,
				BF1C47EA1293683800B63C5D /* QuartzCore.framework */,
				1DF5F4DF0D08C38300B7A737 /* UIKit.framework */,
			);
			name = Frameworks;
			sourceTree = "<group>";
		};
		46880B7519C43A67006E1F66 /* Resources */ = {
			isa = PBXGroup;
			children = (
				521A8EA819F11F5000D177D7 /* fonts */,
				3EACC98E19EE6D4300EB3C5E /* res */,
				46880B7619C43A67006E1F66 /* CloseNormal.png */,
				46880B7719C43A67006E1F66 /* CloseSelected.png */,
				46880B7A19C43A67006E1F66 /* HelloWorld.png */,
			);
			name = Resources;
			path = ../Resources;
			sourceTree = "<group>";
		};
		46880B8319C43A87006E1F66 /* Classes */ = {
			isa = PBXGroup;
			children = (
				FAB113291BA7BB0500E4C1D3 /* AI */,
				FAB1132E1BA7BB0500E4C1D3 /* GameObjects */,
				FAB1132F1BA7BB0500E4C1D3 /* GUI */,
				FAB113861BA7BB0500E4C1D3 /* Helper */,
				FAB113941BA7BB0500E4C1D3 /* Layer */,
				FAB113C91BA7BB0500E4C1D3 /* Lib */,
				FAB113CA1BA7BB0600E4C1D3 /* Plugins */,
				FAB113CB1BA7BB0600E4C1D3 /* Secene */,
				FAB113D61BA7BB0600E4C1D3 /* Utils */,
				46880B8419C43A87006E1F66 /* AppDelegate.cpp */,
				46880B8519C43A87006E1F66 /* AppDelegate.h */,
			);
			name = Classes;
			path = ../Classes;
			sourceTree = "<group>";
		};
		503AE0F517EB97AB00D1A890 /* Icons */ = {
			isa = PBXGroup;
			children = (
				503AE0F617EB97AB00D1A890 /* Icon.icns */,
				503AE0F717EB97AB00D1A890 /* Info.plist */,
			);
			name = Icons;
			path = mac;
			sourceTree = SOURCE_ROOT;
		};
		503AE10617EB990700D1A890 /* mac */ = {
			isa = PBXGroup;
			children = (
				503AE0F517EB97AB00D1A890 /* Icons */,
				503AE10317EB98FF00D1A890 /* main.cpp */,
				503AE10417EB98FF00D1A890 /* Prefix.pch */,
			);
			name = mac;
			sourceTree = "<group>";
		};
		5087E77117EB970100C73F5D /* Icons */ = {
			isa = PBXGroup;
			children = (
				521A8E6219F0C34300D177D7 /* Default-667h@2x.png */,
				521A8E6319F0C34300D177D7 /* Default-736h@3x.png */,
				5087E77217EB970100C73F5D /* Default-568h@2x.png */,
				5087E77317EB970100C73F5D /* Default.png */,
				5087E77417EB970100C73F5D /* Default@2x.png */,
				50EF62A017ECD613001EB2F8 /* Icon-29.png */,
				50EF62A117ECD613001EB2F8 /* Icon-50.png */,
				50EF629217ECD46A001EB2F8 /* Icon-40.png */,
				50EF629317ECD46A001EB2F8 /* Icon-58.png */,
				50EF629417ECD46A001EB2F8 /* Icon-80.png */,
				50EF629517ECD46A001EB2F8 /* Icon-100.png */,
				5087E77517EB970100C73F5D /* Icon-114.png */,
				5087E77617EB970100C73F5D /* Icon-120.png */,
				5087E77717EB970100C73F5D /* Icon-144.png */,
				5087E77817EB970100C73F5D /* Icon-152.png */,
				5087E77917EB970100C73F5D /* Icon-57.png */,
				5087E77A17EB970100C73F5D /* Icon-72.png */,
				5087E77B17EB970100C73F5D /* Icon-76.png */,
				5087E77C17EB970100C73F5D /* Info.plist */,
			);
			name = Icons;
			path = ios;
			sourceTree = SOURCE_ROOT;
		};
		FA06505B1BA7DACF00AF1D71 /* SubLayer */ = {
			isa = PBXGroup;
			children = (
				FA06505C1BA7DACF00AF1D71 /* SkillItem.cpp */,
				FA06505D1BA7DACF00AF1D71 /* SkillItem.h */,
			);
			path = SubLayer;
			sourceTree = "<group>";
		};
		FAB113291BA7BB0500E4C1D3 /* AI */ = {
			isa = PBXGroup;
			children = (
				FAB1132A1BA7BB0500E4C1D3 /* AStar.cpp */,
				FAB1132B1BA7BB0500E4C1D3 /* AStar.h */,
				FAB1132C1BA7BB0500E4C1D3 /* PointInTriangle.cpp */,
				FAB1132D1BA7BB0500E4C1D3 /* PointInTriangle.h */,
			);
			path = AI;
			sourceTree = "<group>";
		};
		FAB1132E1BA7BB0500E4C1D3 /* GameObjects */ = {
			isa = PBXGroup;
			children = (
				FA3E8CA61BE9141D0081B5DA /* Avatar.cpp */,
				FA3E8CA71BE9141D0081B5DA /* Avatar.hpp */,
				FA3E8CA91BE9163E0081B5DA /* DataObject.cpp */,
				FA3E8CAA1BE9163E0081B5DA /* DataObject.hpp */,
				FA1D389C1BE9A597004DE7B1 /* Player.cpp */,
				FA1D389D1BE9A597004DE7B1 /* Player.hpp */,
			);
			path = GameObjects;
			sourceTree = "<group>";
		};
		FAB1132F1BA7BB0500E4C1D3 /* GUI */ = {
			isa = PBXGroup;
			children = (
				FAB8DB031BA7D0A800D8668A /* LayerDisplay.cpp */,
				FAB8DB041BA7D0A800D8668A /* LayerDisplay.h */,
				FAB113301BA7BB0500E4C1D3 /* Animator.cpp */,
				FAB113311BA7BB0500E4C1D3 /* Animator.h */,
				FAB113321BA7BB0500E4C1D3 /* CocosWidget */,
				FAB1137E1BA7BB0500E4C1D3 /* DCDraw.cpp */,
				FAB1137F1BA7BB0500E4C1D3 /* DCDraw.h */,
				FAB113801BA7BB0500E4C1D3 /* Particles.cpp */,
				FAB113811BA7BB0500E4C1D3 /* Particles.h */,
			);
			path = GUI;
			sourceTree = "<group>";
		};
		FAB113321BA7BB0500E4C1D3 /* CocosWidget */ = {
			isa = PBXGroup;
			children = (
				FAB113331BA7BB0500E4C1D3 /* ArmatureBtn.cpp */,
				FAB113341BA7BB0500E4C1D3 /* ArmatureBtn.h */,
				FAB113351BA7BB0500E4C1D3 /* Button.cpp */,
				FAB113361BA7BB0500E4C1D3 /* Button.h */,
				FAB113371BA7BB0500E4C1D3 /* CEditBox */,
				FAB113431BA7BB0500E4C1D3 /* CheckBox.cpp */,
				FAB113441BA7BB0500E4C1D3 /* CheckBox.h */,
				FAB113451BA7BB0500E4C1D3 /* CircleMenu.cpp */,
				FAB113461BA7BB0500E4C1D3 /* CircleMenu.h */,
				FAB113471BA7BB0500E4C1D3 /* cocos-widget.h */,
				FAB113481BA7BB0500E4C1D3 /* ColorView.cpp */,
				FAB113491BA7BB0500E4C1D3 /* ColorView.h */,
				FAB1134A1BA7BB0500E4C1D3 /* ControlView.cpp */,
				FAB1134B1BA7BB0500E4C1D3 /* ControlView.h */,
				FAB1134C1BA7BB0500E4C1D3 /* Ease.h */,
				FAB1134D1BA7BB0500E4C1D3 /* ExpandableListView.cpp */,
				FAB1134E1BA7BB0500E4C1D3 /* ExpandableListView.h */,
				FAB1134F1BA7BB0500E4C1D3 /* GradientView.cpp */,
				FAB113501BA7BB0500E4C1D3 /* GradientView.h */,
				FAB113511BA7BB0500E4C1D3 /* GridPageView.cpp */,
				FAB113521BA7BB0500E4C1D3 /* GridPageView.h */,
				FAB113531BA7BB0500E4C1D3 /* GridView.cpp */,
				FAB113541BA7BB0500E4C1D3 /* GridView.h */,
				FAB113551BA7BB0500E4C1D3 /* ImageView.cpp */,
				FAB113561BA7BB0500E4C1D3 /* ImageView.h */,
				FAB113571BA7BB0500E4C1D3 /* ImageViewScale9.cpp */,
				FAB113581BA7BB0500E4C1D3 /* ImageViewScale9.h */,
				FAB113591BA7BB0500E4C1D3 /* Label.cpp */,
				FAB1135A1BA7BB0500E4C1D3 /* Label.h */,
				FAB1135B1BA7BB0500E4C1D3 /* LabelAtlas.cpp */,
				FAB1135C1BA7BB0500E4C1D3 /* LabelAtlas.h */,
				FAB1135D1BA7BB0500E4C1D3 /* LabelBMFont.cpp */,
				FAB1135E1BA7BB0500E4C1D3 /* LabelBMFont.h */,
				FAB1135F1BA7BB0500E4C1D3 /* Layout.cpp */,
				FAB113601BA7BB0500E4C1D3 /* Layout.h */,
				FAB113611BA7BB0500E4C1D3 /* ListView.cpp */,
				FAB113621BA7BB0500E4C1D3 /* ListView.h */,
				FAB113631BA7BB0500E4C1D3 /* NumericStepper.cpp */,
				FAB113641BA7BB0500E4C1D3 /* NumericStepper.h */,
				FAB113651BA7BB0500E4C1D3 /* PageView.cpp */,
				FAB113661BA7BB0500E4C1D3 /* PageView.h */,
				FAB113671BA7BB0500E4C1D3 /* ProgressBar.cpp */,
				FAB113681BA7BB0500E4C1D3 /* ProgressBar.h */,
				FAB113691BA7BB0500E4C1D3 /* Scale9Sprite.cpp */,
				FAB1136A1BA7BB0500E4C1D3 /* Scale9Sprite.h */,
				FAB1136B1BA7BB0500E4C1D3 /* ScrollView.cpp */,
				FAB1136C1BA7BB0500E4C1D3 /* ScrollView.h */,
				FAB1136D1BA7BB0500E4C1D3 /* Slider.cpp */,
				FAB1136E1BA7BB0500E4C1D3 /* Slider.h */,
				FAB1136F1BA7BB0500E4C1D3 /* TableView.cpp */,
				FAB113701BA7BB0500E4C1D3 /* TableView.h */,
				FAB113711BA7BB0500E4C1D3 /* TextRich.cpp */,
				FAB113721BA7BB0500E4C1D3 /* TextRich.h */,
				FAB113731BA7BB0500E4C1D3 /* ToggleView.cpp */,
				FAB113741BA7BB0500E4C1D3 /* ToggleView.h */,
				FAB113751BA7BB0500E4C1D3 /* Widget.cpp */,
				FAB113761BA7BB0500E4C1D3 /* Widget.h */,
				FAB113771BA7BB0500E4C1D3 /* WidgetMacros.h */,
				FAB113781BA7BB0500E4C1D3 /* WidgetProtocol.cpp */,
				FAB113791BA7BB0500E4C1D3 /* WidgetProtocol.h */,
				FAB1137A1BA7BB0500E4C1D3 /* WidgetWindow.cpp */,
				FAB1137B1BA7BB0500E4C1D3 /* WidgetWindow.h */,
				FAB1137C1BA7BB0500E4C1D3 /* WitlsMacros.cpp */,
				FAB1137D1BA7BB0500E4C1D3 /* WitlsMacros.h */,
			);
			path = CocosWidget;
			sourceTree = "<group>";
		};
		FAB113371BA7BB0500E4C1D3 /* CEditBox */ = {
			isa = PBXGroup;
			children = (
				FAB113381BA7BB0500E4C1D3 /* CEditBox.cpp */,
				FAB113391BA7BB0500E4C1D3 /* CEditBox.h */,
				FAB1133A1BA7BB0500E4C1D3 /* CEditBoxImpl.cpp */,
				FAB1133B1BA7BB0500E4C1D3 /* CEditBoxImpl.h */,
				FAB1133C1BA7BB0500E4C1D3 /* CEditBoxImplAndroid.cpp */,
				FAB1133D1BA7BB0500E4C1D3 /* CEditBoxImplAndroid.h */,
				FAB1133E1BA7BB0500E4C1D3 /* CEditBoxImplIOS.h */,
				FAB1133F1BA7BB0500E4C1D3 /* CEditBoxImplIOS.mm */,
				FAB113401BA7BB0500E4C1D3 /* CEditBoxImplNone.cpp */,
				FAB113411BA7BB0500E4C1D3 /* Win32InputBox.cpp */,
				FAB113421BA7BB0500E4C1D3 /* Win32InputBox.h */,
			);
			path = CEditBox;
			sourceTree = "<group>";
		};
		FAB113861BA7BB0500E4C1D3 /* Helper */ = {
			isa = PBXGroup;
			children = (
			);
			path = Helper;
			sourceTree = "<group>";
		};
		FAB113941BA7BB0500E4C1D3 /* Layer */ = {
			isa = PBXGroup;
			children = (
				FA0650591BA7DACF00AF1D71 /* SkillLayer.cpp */,
				FA06505A1BA7DACF00AF1D71 /* SkillLayer.h */,
				FA06505B1BA7DACF00AF1D71 /* SubLayer */,
				FAB8DB001BA7D06000D8668A /* TileMap.cpp */,
				FAB8DB011BA7D06000D8668A /* TileMap.h */,
			);
			path = Layer;
			sourceTree = "<group>";
		};
		FAB113C91BA7BB0500E4C1D3 /* Lib */ = {
			isa = PBXGroup;
			children = (
			);
			path = Lib;
			sourceTree = "<group>";
		};
		FAB113CA1BA7BB0600E4C1D3 /* Plugins */ = {
			isa = PBXGroup;
			children = (
			);
			path = Plugins;
			sourceTree = "<group>";
		};
		FAB113CB1BA7BB0600E4C1D3 /* Secene */ = {
			isa = PBXGroup;
			children = (
				FAB113CC1BA7BB0600E4C1D3 /* LoadingScene.cpp */,
				FAB113CD1BA7BB0600E4C1D3 /* LoadingScene.h */,
				FAB113CE1BA7BB0600E4C1D3 /* MainGameScene.cpp */,
				FAB113CF1BA7BB0600E4C1D3 /* MainGameScene.h */,
				FAB113D01BA7BB0600E4C1D3 /* SceneDisplay.cpp */,
				FAB113D11BA7BB0600E4C1D3 /* SceneDisplay.h */,
				FAB113D21BA7BB0600E4C1D3 /* SplashScene.cpp */,
				FAB113D31BA7BB0600E4C1D3 /* SplashScene.h */,
				FAB113D41BA7BB0600E4C1D3 /* StartGameScene.cpp */,
				FAB113D51BA7BB0600E4C1D3 /* StartGameScene.h */,
			);
			path = Secene;
			sourceTree = "<group>";
		};
		FAB113D61BA7BB0600E4C1D3 /* Utils */ = {
			isa = PBXGroup;
			children = (
				FAB113D71BA7BB0600E4C1D3 /* AppMacros.h */,
				FAB113D81BA7BB0600E4C1D3 /* Constants.h */,
				FAB113D91BA7BB0600E4C1D3 /* ConvertUtils.cpp */,
				FAB113DA1BA7BB0600E4C1D3 /* ConvertUtils.h */,
				FAB113DD1BA7BB0600E4C1D3 /* GameSingleton.cpp */,
				FAB113DE1BA7BB0600E4C1D3 /* GameSingleton.h */,
				FAB113E11BA7BB0600E4C1D3 /* VisibleRect.cpp */,
				FAB113E21BA7BB0600E4C1D3 /* VisibleRect.h */,
				FA3E8CAC1BE916B60081B5DA /* AvatarConfig.h */,
			);
			path = Utils;
			sourceTree = "<group>";
		};
/* End PBXGroup section */

/* Begin PBXNativeTarget section */
		1D6058900D05DD3D006BFB54 /* game1 iOS */ = {
			isa = PBXNativeTarget;
			buildConfigurationList = 1D6058960D05DD3E006BFB54 /* Build configuration list for PBXNativeTarget "game1 iOS" */;
			buildPhases = (
				1D60588D0D05DD3D006BFB54 /* Resources */,
				1D60588E0D05DD3D006BFB54 /* Sources */,
				1D60588F0D05DD3D006BFB54 /* Frameworks */,
			);
			buildRules = (
			);
			dependencies = (
				1AC6FB25180E99E1004C840B /* PBXTargetDependency */,
			);
			name = "game1 iOS";
			productName = iphone;
			productReference = 1D6058910D05DD3D006BFB54 /* game1 iOS.app */;
			productType = "com.apple.product-type.application";
		};
		5087E73D17EB910900C73F5D /* game1 Mac */ = {
			isa = PBXNativeTarget;
			buildConfigurationList = 5087E76C17EB910900C73F5D /* Build configuration list for PBXNativeTarget "game1 Mac" */;
			buildPhases = (
				5087E74817EB910900C73F5D /* Resources */,
				5087E75617EB910900C73F5D /* Sources */,
				5087E75C17EB910900C73F5D /* Frameworks */,
			);
			buildRules = (
			);
			dependencies = (
				1AC6FB16180E9959004C840B /* PBXTargetDependency */,
			);
			name = "game1 Mac";
			productName = iphone;
			productReference = 5087E76F17EB910900C73F5D /* game1 Mac.app */;
			productType = "com.apple.product-type.application";
		};
/* End PBXNativeTarget section */

/* Begin PBXProject section */
		29B97313FDCFA39411CA2CEA /* Project object */ = {
			isa = PBXProject;
			attributes = {
				LastUpgradeCheck = 0500;
				TargetAttributes = {
					1D6058900D05DD3D006BFB54 = {
						DevelopmentTeam = MDDB52YB8L;
					};
				};
			};
			buildConfigurationList = C01FCF4E08A954540054247B /* Build configuration list for PBXProject "game1" */;
			compatibilityVersion = "Xcode 3.2";
			developmentRegion = English;
			hasScannedForEncodings = 1;
			knownRegions = (
				English,
				Japanese,
				French,
				German,
			);
			mainGroup = 29B97314FDCFA39411CA2CEA /* CustomTemplate */;
			projectDirPath = "";
			projectReferences = (
				{
					ProductGroup = 1AC6FAE6180E9839004C840B /* Products */;
					ProjectRef = 1AC6FAE5180E9839004C840B /* cocos2d_libs.xcodeproj */;
				},
			);
			projectRoot = "";
			targets = (
				1D6058900D05DD3D006BFB54 /* game1 iOS */,
				5087E73D17EB910900C73F5D /* game1 Mac */,
			);
		};
/* End PBXProject section */

/* Begin PBXReferenceProxy section */
		1AC6FAF9180E9839004C840B /* libcocos2d Mac.a */ = {
			isa = PBXReferenceProxy;
			fileType = archive.ar;
			path = "libcocos2d Mac.a";
			remoteRef = 1AC6FAF8180E9839004C840B /* PBXContainerItemProxy */;
			sourceTree = BUILT_PRODUCTS_DIR;
		};
		1AC6FB07180E9839004C840B /* libcocos2d iOS.a */ = {
			isa = PBXReferenceProxy;
			fileType = archive.ar;
			path = "libcocos2d iOS.a";
			remoteRef = 1AC6FB06180E9839004C840B /* PBXContainerItemProxy */;
			sourceTree = BUILT_PRODUCTS_DIR;
		};
/* End PBXReferenceProxy section */

/* Begin PBXResourcesBuildPhase section */
		1D60588D0D05DD3D006BFB54 /* Resources */ = {
			isa = PBXResourcesBuildPhase;
			buildActionMask = 2147483647;
			files = (
				5087E78117EB970100C73F5D /* Icon-120.png in Resources */,
				5087E78617EB970100C73F5D /* Icon-76.png in Resources */,
				5087E77F17EB970100C73F5D /* Default@2x.png in Resources */,
				50EF629917ECD46A001EB2F8 /* Icon-100.png in Resources */,
				5087E78317EB970100C73F5D /* Icon-152.png in Resources */,
				46880B8119C43A67006E1F66 /* HelloWorld.png in Resources */,
				46880B7D19C43A67006E1F66 /* CloseSelected.png in Resources */,
				5087E77D17EB970100C73F5D /* Default-568h@2x.png in Resources */,
				5087E78517EB970100C73F5D /* Icon-72.png in Resources */,
				521A8E6519F0C34300D177D7 /* Default-736h@3x.png in Resources */,
				521A8EA919F11F5000D177D7 /* fonts in Resources */,
				50EF62A317ECD613001EB2F8 /* Icon-50.png in Resources */,
				5087E78017EB970100C73F5D /* Icon-114.png in Resources */,
				50EF62A217ECD613001EB2F8 /* Icon-29.png in Resources */,
				50EF629617ECD46A001EB2F8 /* Icon-40.png in Resources */,
				5087E78217EB970100C73F5D /* Icon-144.png in Resources */,
				3EACC98F19EE6D4300EB3C5E /* res in Resources */,
				50EF629817ECD46A001EB2F8 /* Icon-80.png in Resources */,
				5087E78417EB970100C73F5D /* Icon-57.png in Resources */,
				5087E77E17EB970100C73F5D /* Default.png in Resources */,
				521A8E6419F0C34300D177D7 /* Default-667h@2x.png in Resources */,
				46880B7B19C43A67006E1F66 /* CloseNormal.png in Resources */,
				50EF629717ECD46A001EB2F8 /* Icon-58.png in Resources */,
			);
			runOnlyForDeploymentPostprocessing = 0;
		};
		5087E74817EB910900C73F5D /* Resources */ = {
			isa = PBXResourcesBuildPhase;
			buildActionMask = 2147483647;
			files = (
				46880B8219C43A67006E1F66 /* HelloWorld.png in Resources */,
				503AE0F817EB97AB00D1A890 /* Icon.icns in Resources */,
				3EACC99019EE6D4300EB3C5E /* res in Resources */,
				521A8EAA19F11F5000D177D7 /* fonts in Resources */,
				46880B7C19C43A67006E1F66 /* CloseNormal.png in Resources */,
				46880B7E19C43A67006E1F66 /* CloseSelected.png in Resources */,
			);
			runOnlyForDeploymentPostprocessing = 0;
		};
/* End PBXResourcesBuildPhase section */

/* Begin PBXSourcesBuildPhase section */
		1D60588E0D05DD3D006BFB54 /* Sources */ = {
			isa = PBXSourcesBuildPhase;
			buildActionMask = 2147483647;
			files = (
				46880B8819C43A87006E1F66 /* AppDelegate.cpp in Sources */,
				503AE10017EB989F00D1A890 /* AppController.mm in Sources */,
				FAB113F21BA7BB0600E4C1D3 /* ExpandableListView.cpp in Sources */,
				FAB113FD1BA7BB0600E4C1D3 /* NumericStepper.cpp in Sources */,
				FAB113E51BA7BB0600E4C1D3 /* Animator.cpp in Sources */,
				503AE10217EB989F00D1A890 /* RootViewController.mm in Sources */,
				FAB113EE1BA7BB0600E4C1D3 /* CheckBox.cpp in Sources */,
				FAB113FB1BA7BB0600E4C1D3 /* Layout.cpp in Sources */,
				FAB113E41BA7BB0600E4C1D3 /* PointInTriangle.cpp in Sources */,
				FAB113F41BA7BB0600E4C1D3 /* GridPageView.cpp in Sources */,
				FAB114041BA7BB0600E4C1D3 /* TextRich.cpp in Sources */,
				FAB114341BA7BB0600E4C1D3 /* GameSingleton.cpp in Sources */,
				FAB114081BA7BB0600E4C1D3 /* WidgetWindow.cpp in Sources */,
				FAB113F51BA7BB0600E4C1D3 /* GridView.cpp in Sources */,
				FAB114321BA7BB0600E4C1D3 /* ConvertUtils.cpp in Sources */,
				FAB114001BA7BB0600E4C1D3 /* Scale9Sprite.cpp in Sources */,
				FAB113E81BA7BB0600E4C1D3 /* CEditBox.cpp in Sources */,
				FAB113FA1BA7BB0600E4C1D3 /* LabelBMFont.cpp in Sources */,
				FA06505E1BA7DACF00AF1D71 /* SkillLayer.cpp in Sources */,
				FAB8DB021BA7D06000D8668A /* TileMap.cpp in Sources */,
				FAB1140A1BA7BB0600E4C1D3 /* DCDraw.cpp in Sources */,
				FAB114301BA7BB0600E4C1D3 /* SplashScene.cpp in Sources */,
				FA06505F1BA7DACF00AF1D71 /* SkillItem.cpp in Sources */,
				FAB113E71BA7BB0600E4C1D3 /* Button.cpp in Sources */,
				FAB113EB1BA7BB0600E4C1D3 /* CEditBoxImplIOS.mm in Sources */,
				FAB113E61BA7BB0600E4C1D3 /* ArmatureBtn.cpp in Sources */,
				503AE10117EB989F00D1A890 /* main.m in Sources */,
				FAB113FF1BA7BB0600E4C1D3 /* ProgressBar.cpp in Sources */,
				FAB113EA1BA7BB0600E4C1D3 /* CEditBoxImplAndroid.cpp in Sources */,
				FAB113F71BA7BB0600E4C1D3 /* ImageViewScale9.cpp in Sources */,
				FAB114031BA7BB0600E4C1D3 /* TableView.cpp in Sources */,
				FAB113E31BA7BB0600E4C1D3 /* AStar.cpp in Sources */,
				FAB1142E1BA7BB0600E4C1D3 /* MainGameScene.cpp in Sources */,
				FAB114361BA7BB0600E4C1D3 /* VisibleRect.cpp in Sources */,
				FAB113ED1BA7BB0600E4C1D3 /* Win32InputBox.cpp in Sources */,
				FAB113FE1BA7BB0600E4C1D3 /* PageView.cpp in Sources */,
				FAB114071BA7BB0600E4C1D3 /* WidgetProtocol.cpp in Sources */,
				FAB113F11BA7BB0600E4C1D3 /* ControlView.cpp in Sources */,
				FAB113F01BA7BB0600E4C1D3 /* ColorView.cpp in Sources */,
				FAB114091BA7BB0600E4C1D3 /* WitlsMacros.cpp in Sources */,
				FAB1142D1BA7BB0600E4C1D3 /* LoadingScene.cpp in Sources */,
				FAB113FC1BA7BB0600E4C1D3 /* ListView.cpp in Sources */,
				FAB114011BA7BB0600E4C1D3 /* ScrollView.cpp in Sources */,
				FAB113F81BA7BB0600E4C1D3 /* Label.cpp in Sources */,
				FA1D389E1BE9A597004DE7B1 /* Player.cpp in Sources */,
				FAB114311BA7BB0600E4C1D3 /* StartGameScene.cpp in Sources */,
				FAB8DB051BA7D0A800D8668A /* LayerDisplay.cpp in Sources */,
				FAB114061BA7BB0600E4C1D3 /* Widget.cpp in Sources */,
				FAB1140B1BA7BB0600E4C1D3 /* Particles.cpp in Sources */,
				FAB113F91BA7BB0600E4C1D3 /* LabelAtlas.cpp in Sources */,
				FAB113E91BA7BB0600E4C1D3 /* CEditBoxImpl.cpp in Sources */,
				FAB113F61BA7BB0600E4C1D3 /* ImageView.cpp in Sources */,
				FA3E8CAB1BE9163E0081B5DA /* DataObject.cpp in Sources */,
				FAB1142F1BA7BB0600E4C1D3 /* SceneDisplay.cpp in Sources */,
				FAB113EC1BA7BB0600E4C1D3 /* CEditBoxImplNone.cpp in Sources */,
				FAB113F31BA7BB0600E4C1D3 /* GradientView.cpp in Sources */,
				FA3E8CA81BE9141D0081B5DA /* Avatar.cpp in Sources */,
				FAB114051BA7BB0600E4C1D3 /* ToggleView.cpp in Sources */,
				FAB114021BA7BB0600E4C1D3 /* Slider.cpp in Sources */,
				FAB113EF1BA7BB0600E4C1D3 /* CircleMenu.cpp in Sources */,
			);
			runOnlyForDeploymentPostprocessing = 0;
		};
		5087E75617EB910900C73F5D /* Sources */ = {
			isa = PBXSourcesBuildPhase;
			buildActionMask = 2147483647;
			files = (
				46880B8919C43A87006E1F66 /* AppDelegate.cpp in Sources */,
				503AE10517EB98FF00D1A890 /* main.cpp in Sources */,
			);
			runOnlyForDeploymentPostprocessing = 0;
		};
/* End PBXSourcesBuildPhase section */

/* Begin PBXTargetDependency section */
		1AC6FB16180E9959004C840B /* PBXTargetDependency */ = {
			isa = PBXTargetDependency;
			name = "cocos2dx Mac";
			targetProxy = 1AC6FB15180E9959004C840B /* PBXContainerItemProxy */;
		};
		1AC6FB25180E99E1004C840B /* PBXTargetDependency */ = {
			isa = PBXTargetDependency;
			name = "cocos2dx iOS";
			targetProxy = 1AC6FB24180E99E1004C840B /* PBXContainerItemProxy */;
		};
/* End PBXTargetDependency section */

/* Begin XCBuildConfiguration section */
		1D6058940D05DD3E006BFB54 /* Debug */ = {
			isa = XCBuildConfiguration;
			buildSettings = {
				ALWAYS_SEARCH_USER_PATHS = YES;
				CODE_SIGN_IDENTITY = "iPhone Developer";
				COMPRESS_PNG_FILES = NO;
				FRAMEWORK_SEARCH_PATHS = (
					"$(inherited)",
					"$(PROJECT_DIR)/ios",
				);
				GCC_DYNAMIC_NO_PIC = NO;
				GCC_INLINES_ARE_PRIVATE_EXTERN = NO;
				GCC_PRECOMPILE_PREFIX_HEADER = YES;
				GCC_PREFIX_HEADER = ios/Prefix.pch;
				GCC_PREPROCESSOR_DEFINITIONS = (
					USE_FILE32API,
					CC_TARGET_OS_IPHONE,
					"COCOS2D_DEBUG=1",
					"CC_ENABLE_CHIPMUNK_INTEGRATION=1",
				);
				GCC_SYMBOLS_PRIVATE_EXTERN = NO;
				HEADER_SEARCH_PATHS = (
					"$(inherited)",
					"$(SRCROOT)/../cocos2d/cocos/platform/ios",
					"$(SRCROOT)/../cocos2d/cocos/platform/ios/Simulation",
				);
				INFOPLIST_FILE = ios/Info.plist;
				IPHONEOS_DEPLOYMENT_TARGET = 5.0;
				LIBRARY_SEARCH_PATHS = "";
				OTHER_LDFLAGS = (
					"$(_COCOS_LIB_IOS_BEGIN)",
					"$(_COCOS_LIB_IOS_END)",
				);
				SDKROOT = iphoneos;
				TARGETED_DEVICE_FAMILY = "1,2";
				USER_HEADER_SEARCH_PATHS = "$(_COCOS_HEADER_IOS_BEGIN) $(_COCOS_HEADER_IOS_END)";
				VALID_ARCHS = "arm64 armv7";
			};
			name = Debug;
		};
		1D6058950D05DD3E006BFB54 /* Release */ = {
			isa = XCBuildConfiguration;
			buildSettings = {
				ALWAYS_SEARCH_USER_PATHS = YES;
				CODE_SIGN_IDENTITY = "iPhone Developer";
				COMPRESS_PNG_FILES = NO;
				FRAMEWORK_SEARCH_PATHS = (
					"$(inherited)",
					"$(PROJECT_DIR)/ios",
				);
				GCC_INLINES_ARE_PRIVATE_EXTERN = NO;
				GCC_PRECOMPILE_PREFIX_HEADER = YES;
				GCC_PREFIX_HEADER = ios/Prefix.pch;
				GCC_PREPROCESSOR_DEFINITIONS = (
					USE_FILE32API,
					CC_TARGET_OS_IPHONE,
					"CC_ENABLE_CHIPMUNK_INTEGRATION=1",
				);
				GCC_SYMBOLS_PRIVATE_EXTERN = NO;
				HEADER_SEARCH_PATHS = (
					"$(inherited)",
					"$(SRCROOT)/../cocos2d/cocos/platform/ios",
					"$(SRCROOT)/../cocos2d/cocos/platform/ios/Simulation",
				);
				INFOPLIST_FILE = ios/Info.plist;
				IPHONEOS_DEPLOYMENT_TARGET = 5.0;
				LIBRARY_SEARCH_PATHS = "";
				OTHER_LDFLAGS = (
					"$(_COCOS_LIB_IOS_BEGIN)",
					"$(_COCOS_LIB_IOS_END)",
				);
				SDKROOT = iphoneos;
				TARGETED_DEVICE_FAMILY = "1,2";
				USER_HEADER_SEARCH_PATHS = "$(_COCOS_HEADER_IOS_BEGIN) $(_COCOS_HEADER_IOS_END)";
				VALID_ARCHS = "arm64 armv7";
			};
			name = Release;
		};
		5087E76D17EB910900C73F5D /* Debug */ = {
			isa = XCBuildConfiguration;
			buildSettings = {
				ALWAYS_SEARCH_USER_PATHS = YES;
				ARCHS = "$(ARCHS_STANDARD_64_BIT)";
				CLANG_CXX_LANGUAGE_STANDARD = "c++0x";
				CLANG_CXX_LIBRARY = "libc++";
				GCC_DYNAMIC_NO_PIC = NO;
				GCC_INLINES_ARE_PRIVATE_EXTERN = NO;
				GCC_PRECOMPILE_PREFIX_HEADER = YES;
				GCC_PREFIX_HEADER = mac/Prefix.pch;
				GCC_PREPROCESSOR_DEFINITIONS = (
					USE_FILE32API,
					CC_TARGET_OS_MAC,
					"COCOS2D_DEBUG=1",
					"CC_ENABLE_CHIPMUNK_INTEGRATION=1",
				);
				GCC_SYMBOLS_PRIVATE_EXTERN = NO;
				HEADER_SEARCH_PATHS = (
					"$(inherited)",
					"$(SRCROOT)/../cocos2d/cocos/platform/mac",
					"$(SRCROOT)/../cocos2d/external/glfw3/include/mac",
				);
				INFOPLIST_FILE = mac/Info.plist;
				LIBRARY_SEARCH_PATHS = "";
				OTHER_LDFLAGS = (
					"$(_COCOS_LIB_MAC_BEGIN)",
					"$(_COCOS_LIB_MAC_END)",
				);
				USER_HEADER_SEARCH_PATHS = "$(_COCOS_HEADER_MAC_BEGIN) $(_COCOS_HEADER_MAC_END)";
			};
			name = Debug;
		};
		5087E76E17EB910900C73F5D /* Release */ = {
			isa = XCBuildConfiguration;
			buildSettings = {
				ALWAYS_SEARCH_USER_PATHS = YES;
				ARCHS = "$(ARCHS_STANDARD_64_BIT)";
				CLANG_CXX_LANGUAGE_STANDARD = "c++0x";
				CLANG_CXX_LIBRARY = "libc++";
				GCC_INLINES_ARE_PRIVATE_EXTERN = NO;
				GCC_PRECOMPILE_PREFIX_HEADER = YES;
				GCC_PREFIX_HEADER = mac/Prefix.pch;
				GCC_PREPROCESSOR_DEFINITIONS = (
					USE_FILE32API,
					CC_TARGET_OS_MAC,
					"CC_ENABLE_CHIPMUNK_INTEGRATION=1",
				);
				GCC_SYMBOLS_PRIVATE_EXTERN = NO;
				HEADER_SEARCH_PATHS = (
					"$(inherited)",
					"$(SRCROOT)/../cocos2d/cocos/platform/mac",
					"$(SRCROOT)/../cocos2d/external/glfw3/include/mac",
				);
				INFOPLIST_FILE = mac/Info.plist;
				LIBRARY_SEARCH_PATHS = "";
				OTHER_LDFLAGS = (
					"$(_COCOS_LIB_MAC_BEGIN)",
					"$(_COCOS_LIB_MAC_END)",
				);
				USER_HEADER_SEARCH_PATHS = "$(_COCOS_HEADER_MAC_BEGIN) $(_COCOS_HEADER_MAC_END)";
			};
			name = Release;
		};
		C01FCF4F08A954540054247B /* Debug */ = {
			isa = XCBuildConfiguration;
			buildSettings = {
				CLANG_CXX_LANGUAGE_STANDARD = "c++0x";
				CLANG_CXX_LIBRARY = "libc++";
				COPY_PHASE_STRIP = NO;
				GCC_OPTIMIZATION_LEVEL = 0;
				GCC_WARN_ABOUT_RETURN_TYPE = YES;
				GCC_WARN_UNUSED_VARIABLE = YES;
				HEADER_SEARCH_PATHS = (
					"$(SRCROOT)/../cocos2d",
					"$(SRCROOT)/../cocos2d/cocos",
					"$(SRCROOT)/../cocos2d/cocos/base",
					"$(SRCROOT)/../cocos2d/cocos/physics",
					"$(SRCROOT)/../cocos2d/cocos/math",
					"$(SRCROOT)/../cocos2d/cocos/2d",
					"$(SRCROOT)/../cocos2d/cocos/ui",
					"$(SRCROOT)/../cocos2d/cocos/network",
					"$(SRCROOT)/../cocos2d/cocos/audio/include",
					"$(SRCROOT)/../cocos2d/cocos/editor-support",
					"$(SRCROOT)/../cocos2d/extensions",
					"$(SRCROOT)/../cocos2d/external",
					"$(SRCROOT)/../cocos2d/external/chipmunk/include/chipmunk",
				);
				MACOSX_DEPLOYMENT_TARGET = 10.7;
				ONLY_ACTIVE_ARCH = YES;
				PRODUCT_NAME = "$(TARGET_NAME)";
				SDKROOT = macosx;
			};
			name = Debug;
		};
		C01FCF5008A954540054247B /* Release */ = {
			isa = XCBuildConfiguration;
			buildSettings = {
				CLANG_CXX_LANGUAGE_STANDARD = "c++0x";
				CLANG_CXX_LIBRARY = "libc++";
				GCC_WARN_ABOUT_RETURN_TYPE = YES;
				GCC_WARN_UNUSED_VARIABLE = YES;
				HEADER_SEARCH_PATHS = (
					"$(SRCROOT)/../cocos2d",
					"$(SRCROOT)/../cocos2d/cocos",
					"$(SRCROOT)/../cocos2d/cocos/base",
					"$(SRCROOT)/../cocos2d/cocos/physics",
					"$(SRCROOT)/../cocos2d/cocos/math",
					"$(SRCROOT)/../cocos2d/cocos/2d",
					"$(SRCROOT)/../cocos2d/cocos/ui",
					"$(SRCROOT)/../cocos2d/cocos/network",
					"$(SRCROOT)/../cocos2d/cocos/audio/include",
					"$(SRCROOT)/../cocos2d/cocos/editor-support",
					"$(SRCROOT)/../cocos2d/extensions",
					"$(SRCROOT)/../cocos2d/external",
					"$(SRCROOT)/../cocos2d/external/chipmunk/include/chipmunk",
				);
				MACOSX_DEPLOYMENT_TARGET = 10.7;
				OTHER_CFLAGS = "-DNS_BLOCK_ASSERTIONS=1";
				PRODUCT_NAME = "$(TARGET_NAME)";
				SDKROOT = macosx;
				VALIDATE_PRODUCT = YES;
			};
			name = Release;
		};
/* End XCBuildConfiguration section */

/* Begin XCConfigurationList section */
		1D6058960D05DD3E006BFB54 /* Build configuration list for PBXNativeTarget "game1 iOS" */ = {
			isa = XCConfigurationList;
			buildConfigurations = (
				1D6058940D05DD3E006BFB54 /* Debug */,
				1D6058950D05DD3E006BFB54 /* Release */,
			);
			defaultConfigurationIsVisible = 0;
			defaultConfigurationName = Debug;
		};
		5087E76C17EB910900C73F5D /* Build configuration list for PBXNativeTarget "game1 Mac" */ = {
			isa = XCConfigurationList;
			buildConfigurations = (
				5087E76D17EB910900C73F5D /* Debug */,
				5087E76E17EB910900C73F5D /* Release */,
			);
			defaultConfigurationIsVisible = 0;
			defaultConfigurationName = Debug;
		};
		C01FCF4E08A954540054247B /* Build configuration list for PBXProject "game1" */ = {
			isa = XCConfigurationList;
			buildConfigurations = (
				C01FCF4F08A954540054247B /* Debug */,
				C01FCF5008A954540054247B /* Release */,
			);
			defaultConfigurationIsVisible = 0;
			defaultConfigurationName = Debug;
		};
/* End XCConfigurationList section */
	};
	rootObject = 29B97313FDCFA39411CA2CEA /* Project object */;
}
